// !$*UTF8*$!
{
	archiveVersion = 1;
	classes = {
	};
	objectVersion = 45;
	objects = {

/* Begin PBXBuildFile section */
		2759F62310D5FA41000204DD /* autofit.c in Sources */ = {isa = PBXBuildFile; fileRef = 2759F62210D5FA41000204DD /* autofit.c */; };
		2759F62510D5FA56000204DD /* bdf.c in Sources */ = {isa = PBXBuildFile; fileRef = 2759F62410D5FA56000204DD /* bdf.c */; };
		2759F62710D5FA69000204DD /* cff.c in Sources */ = {isa = PBXBuildFile; fileRef = 2759F62610D5FA69000204DD /* cff.c */; };
		2759F62910D5FA82000204DD /* winfnt.c in Sources */ = {isa = PBXBuildFile; fileRef = 2759F62810D5FA82000204DD /* winfnt.c */; };
		2759F62B10D5FA92000204DD /* type42.c in Sources */ = {isa = PBXBuildFile; fileRef = 2759F62A10D5FA92000204DD /* type42.c */; };
		2759F62D10D5FAA9000204DD /* type1.c in Sources */ = {isa = PBXBuildFile; fileRef = 2759F62C10D5FAA9000204DD /* type1.c */; };
		2759F62F10D5FEBB000204DD /* truetype.c in Sources */ = {isa = PBXBuildFile; fileRef = 2759F62E10D5FEBB000204DD /* truetype.c */; };
		2759F63110D5FED0000204DD /* smooth.c in Sources */ = {isa = PBXBuildFile; fileRef = 2759F63010D5FED0000204DD /* smooth.c */; };
		2759F63310D5FEE1000204DD /* sfnt.c in Sources */ = {isa = PBXBuildFile; fileRef = 2759F63210D5FEE1000204DD /* sfnt.c */; };
		2759F63510D5FEFC000204DD /* raster.c in Sources */ = {isa = PBXBuildFile; fileRef = 2759F63410D5FEFC000204DD /* raster.c */; };
		2759F63710D5FF10000204DD /* psnames.c in Sources */ = {isa = PBXBuildFile; fileRef = 2759F63610D5FF10000204DD /* psnames.c */; };
		2759F63910D5FF2C000204DD /* pshinter.c in Sources */ = {isa = PBXBuildFile; fileRef = 2759F63810D5FF2C000204DD /* pshinter.c */; };
		2759F63B10D5FF3D000204DD /* psaux.c in Sources */ = {isa = PBXBuildFile; fileRef = 2759F63A10D5FF3D000204DD /* psaux.c */; };
		2759F63D10D5FF4C000204DD /* pfr.c in Sources */ = {isa = PBXBuildFile; fileRef = 2759F63C10D5FF4C000204DD /* pfr.c */; };
		2759F63F10D5FF58000204DD /* pcf.c in Sources */ = {isa = PBXBuildFile; fileRef = 2759F63E10D5FF58000204DD /* pcf.c */; };
		2759F64110D5FF75000204DD /* ftlzw.c in Sources */ = {isa = PBXBuildFile; fileRef = 2759F64010D5FF75000204DD /* ftlzw.c */; };
		2759F64810D5FFA5000204DD /* ftbase.c in Sources */ = {isa = PBXBuildFile; fileRef = 2759F64210D5FFA5000204DD /* ftbase.c */; };
		2759F64910D5FFA5000204DD /* ftbitmap.c in Sources */ = {isa = PBXBuildFile; fileRef = 2759F64310D5FFA5000204DD /* ftbitmap.c */; };
		2759F64A10D5FFA5000204DD /* ftglyph.c in Sources */ = {isa = PBXBuildFile; fileRef = 2759F64410D5FFA5000204DD /* ftglyph.c */; };
		2759F64B10D5FFA5000204DD /* ftinit.c in Sources */ = {isa = PBXBuildFile; fileRef = 2759F64510D5FFA5000204DD /* ftinit.c */; };
		2759F64C10D5FFA5000204DD /* ftstroke.c in Sources */ = {isa = PBXBuildFile; fileRef = 2759F64610D5FFA5000204DD /* ftstroke.c */; };
		2759F64D10D5FFA5000204DD /* ftsystem.c in Sources */ = {isa = PBXBuildFile; fileRef = 2759F64710D5FFA5000204DD /* ftsystem.c */; };
		2759F64F10D5FFC9000204DD /* ftcache.c in Sources */ = {isa = PBXBuildFile; fileRef = 2759F64E10D5FFC9000204DD /* ftcache.c */; };
		2759F65110D5FFDD000204DD /* type1cid.c in Sources */ = {isa = PBXBuildFile; fileRef = 2759F65010D5FFDD000204DD /* type1cid.c */; };
		2759F65310D5FFF3000204DD /* ftgzip.c in Sources */ = {isa = PBXBuildFile; fileRef = 2759F65210D5FFF3000204DD /* ftgzip.c */; };
		2759F65510D60072000204DD /* ftmodule.h in Headers */ = {isa = PBXBuildFile; fileRef = 2759F65410D60072000204DD /* ftmodule.h */; };
		2759F65710D6007C000204DD /* ftconfig.h in Headers */ = {isa = PBXBuildFile; fileRef = 2759F65610D6007C000204DD /* ftconfig.h */; };
		2759F6B910D600B3000204DD /* freetype in CopyFiles */ = {isa = PBXBuildFile; fileRef = 2759F65810D6008E000204DD /* freetype */; };
		2759F6CE10D6014D000204DD /* libz.dylib in Frameworks */ = {isa = PBXBuildFile; fileRef = 2759F6CD10D6014D000204DD /* libz.dylib */; };
		2759F73B10D60219000204DD /* ft2build.h in CopyFiles */ = {isa = PBXBuildFile; fileRef = 2759F73A10D60216000204DD /* ft2build.h */; };
		8DC2EF530486A6940098B216 /* InfoPlist.strings in Resources */ = {isa = PBXBuildFile; fileRef = 089C1666FE841158C02AAC07 /* InfoPlist.strings */; };
/* End PBXBuildFile section */

/* Begin PBXCopyFilesBuildPhase section */
		2759F6BE10D600D1000204DD /* CopyFiles */ = {
			isa = PBXCopyFilesBuildPhase;
			buildActionMask = 2147483647;
			dstPath = Headers;
			dstSubfolderSpec = 1;
			files = (
				2759F73B10D60219000204DD /* ft2build.h in CopyFiles */,
				2759F6B910D600B3000204DD /* freetype in CopyFiles */,
			);
			runOnlyForDeploymentPostprocessing = 0;
		};
/* End PBXCopyFilesBuildPhase section */

/* Begin PBXFileReference section */
		089C1667FE841158C02AAC07 /* English */ = {isa = PBXFileReference; fileEncoding = 4; lastKnownFileType = text.plist.strings; name = English; path = English.lproj/InfoPlist.strings; sourceTree = "<group>"; };
		2759F62210D5FA41000204DD /* autofit.c */ = {isa = PBXFileReference; fileEncoding = 4; lastKnownFileType = sourcecode.c.c; name = autofit.c; path = libfreetype/src/autofit/autofit.c; sourceTree = "<group>"; };
		2759F62410D5FA56000204DD /* bdf.c */ = {isa = PBXFileReference; fileEncoding = 4; lastKnownFileType = sourcecode.c.c; name = bdf.c; path = libfreetype/src/bdf/bdf.c; sourceTree = "<group>"; };
		2759F62610D5FA69000204DD /* cff.c */ = {isa = PBXFileReference; fileEncoding = 4; lastKnownFileType = sourcecode.c.c; name = cff.c; path = libfreetype/src/cff/cff.c; sourceTree = "<group>"; };
		2759F62810D5FA82000204DD /* winfnt.c */ = {isa = PBXFileReference; fileEncoding = 4; lastKnownFileType = sourcecode.c.c; name = winfnt.c; path = libfreetype/src/winfonts/winfnt.c; sourceTree = "<group>"; };
		2759F62A10D5FA92000204DD /* type42.c */ = {isa = PBXFileReference; fileEncoding = 4; lastKnownFileType = sourcecode.c.c; name = type42.c; path = libfreetype/src/type42/type42.c; sourceTree = "<group>"; };
		2759F62C10D5FAA9000204DD /* type1.c */ = {isa = PBXFileReference; fileEncoding = 4; lastKnownFileType = sourcecode.c.c; name = type1.c; path = libfreetype/src/type1/type1.c; sourceTree = "<group>"; };
		2759F62E10D5FEBB000204DD /* truetype.c */ = {isa = PBXFileReference; fileEncoding = 4; lastKnownFileType = sourcecode.c.c; name = truetype.c; path = libfreetype/src/truetype/truetype.c; sourceTree = "<group>"; };
		2759F63010D5FED0000204DD /* smooth.c */ = {isa = PBXFileReference; fileEncoding = 4; lastKnownFileType = sourcecode.c.c; name = smooth.c; path = libfreetype/src/smooth/smooth.c; sourceTree = "<group>"; };
		2759F63210D5FEE1000204DD /* sfnt.c */ = {isa = PBXFileReference; fileEncoding = 4; lastKnownFileType = sourcecode.c.c; name = sfnt.c; path = libfreetype/src/sfnt/sfnt.c; sourceTree = "<group>"; };
		2759F63410D5FEFC000204DD /* raster.c */ = {isa = PBXFileReference; fileEncoding = 4; lastKnownFileType = sourcecode.c.c; name = raster.c; path = libfreetype/src/raster/raster.c; sourceTree = "<group>"; };
		2759F63610D5FF10000204DD /* psnames.c */ = {isa = PBXFileReference; fileEncoding = 4; lastKnownFileType = sourcecode.c.c; name = psnames.c; path = libfreetype/src/psnames/psnames.c; sourceTree = "<group>"; };
		2759F63810D5FF2C000204DD /* pshinter.c */ = {isa = PBXFileReference; fileEncoding = 4; lastKnownFileType = sourcecode.c.c; name = pshinter.c; path = libfreetype/src/pshinter/pshinter.c; sourceTree = "<group>"; };
		2759F63A10D5FF3D000204DD /* psaux.c */ = {isa = PBXFileReference; fileEncoding = 4; lastKnownFileType = sourcecode.c.c; name = psaux.c; path = libfreetype/src/psaux/psaux.c; sourceTree = "<group>"; };
		2759F63C10D5FF4C000204DD /* pfr.c */ = {isa = PBXFileReference; fileEncoding = 4; lastKnownFileType = sourcecode.c.c; name = pfr.c; path = libfreetype/src/pfr/pfr.c; sourceTree = "<group>"; };
		2759F63E10D5FF58000204DD /* pcf.c */ = {isa = PBXFileReference; fileEncoding = 4; lastKnownFileType = sourcecode.c.c; name = pcf.c; path = libfreetype/src/pcf/pcf.c; sourceTree = "<group>"; };
		2759F64010D5FF75000204DD /* ftlzw.c */ = {isa = PBXFileReference; fileEncoding = 4; lastKnownFileType = sourcecode.c.c; name = ftlzw.c; path = libfreetype/src/lzw/ftlzw.c; sourceTree = "<group>"; };
		2759F64210D5FFA5000204DD /* ftbase.c */ = {isa = PBXFileReference; fileEncoding = 4; lastKnownFileType = sourcecode.c.c; name = ftbase.c; path = libfreetype/src/base/ftbase.c; sourceTree = "<group>"; };
		2759F64310D5FFA5000204DD /* ftbitmap.c */ = {isa = PBXFileReference; fileEncoding = 4; lastKnownFileType = sourcecode.c.c; name = ftbitmap.c; path = libfreetype/src/base/ftbitmap.c; sourceTree = "<group>"; };
		2759F64410D5FFA5000204DD /* ftglyph.c */ = {isa = PBXFileReference; fileEncoding = 4; lastKnownFileType = sourcecode.c.c; name = ftglyph.c; path = libfreetype/src/base/ftglyph.c; sourceTree = "<group>"; };
		2759F64510D5FFA5000204DD /* ftinit.c */ = {isa = PBXFileReference; fileEncoding = 4; lastKnownFileType = sourcecode.c.c; name = ftinit.c; path = libfreetype/src/base/ftinit.c; sourceTree = "<group>"; };
		2759F64610D5FFA5000204DD /* ftstroke.c */ = {isa = PBXFileReference; fileEncoding = 4; lastKnownFileType = sourcecode.c.c; name = ftstroke.c; path = libfreetype/src/base/ftstroke.c; sourceTree = "<group>"; };
		2759F64710D5FFA5000204DD /* ftsystem.c */ = {isa = PBXFileReference; fileEncoding = 4; lastKnownFileType = sourcecode.c.c; name = ftsystem.c; path = libfreetype/src/base/ftsystem.c; sourceTree = "<group>"; };
		2759F64E10D5FFC9000204DD /* ftcache.c */ = {isa = PBXFileReference; fileEncoding = 4; lastKnownFileType = sourcecode.c.c; name = ftcache.c; path = libfreetype/src/cache/ftcache.c; sourceTree = "<group>"; };
		2759F65010D5FFDD000204DD /* type1cid.c */ = {isa = PBXFileReference; fileEncoding = 4; lastKnownFileType = sourcecode.c.c; name = type1cid.c; path = libfreetype/src/cid/type1cid.c; sourceTree = "<group>"; };
		2759F65210D5FFF3000204DD /* ftgzip.c */ = {isa = PBXFileReference; fileEncoding = 4; lastKnownFileType = sourcecode.c.c; name = ftgzip.c; path = libfreetype/src/gzip/ftgzip.c; sourceTree = "<group>"; };
		2759F65410D60072000204DD /* ftmodule.h */ = {isa = PBXFileReference; fileEncoding = 4; lastKnownFileType = sourcecode.c.h; name = ftmodule.h; path = libfreetype/include/freetype/config/ftmodule.h; sourceTree = "<group>"; };
		2759F65610D6007C000204DD /* ftconfig.h */ = {isa = PBXFileReference; fileEncoding = 4; lastKnownFileType = sourcecode.c.h; name = ftconfig.h; path = config/ftconfig.h; sourceTree = "<group>"; };
		2759F65810D6008E000204DD /* freetype */ = {isa = PBXFileReference; lastKnownFileType = folder; name = freetype; path = libfreetype/include/freetype; sourceTree = "<group>"; };
		2759F6CD10D6014D000204DD /* libz.dylib */ = {isa = PBXFileReference; lastKnownFileType = "compiled.mach-o.dylib"; name = libz.dylib; path = /usr/lib/libz.dylib; sourceTree = "<absolute>"; };
		2759F73A10D60216000204DD /* ft2build.h */ = {isa = PBXFileReference; fileEncoding = 4; lastKnownFileType = sourcecode.c.h; name = ft2build.h; path = libfreetype/include/ft2build.h; sourceTree = "<group>"; };
		32DBCF5E0370ADEE00C91783 /* freetype_Prefix.pch */ = {isa = PBXFileReference; fileEncoding = 4; lastKnownFileType = sourcecode.c.h; path = freetype_Prefix.pch; sourceTree = "<group>"; };
		8DC2EF5A0486A6940098B216 /* Info.plist */ = {isa = PBXFileReference; fileEncoding = 4; lastKnownFileType = text.plist.xml; path = Info.plist; sourceTree = "<group>"; };
		8DC2EF5B0486A6940098B216 /* freetype.framework */ = {isa = PBXFileReference; explicitFileType = wrapper.framework; includeInIndex = 0; path = freetype.framework; sourceTree = BUILT_PRODUCTS_DIR; };
/* End PBXFileReference section */

/* Begin PBXFrameworksBuildPhase section */
		8DC2EF560486A6940098B216 /* Frameworks */ = {
			isa = PBXFrameworksBuildPhase;
			buildActionMask = 2147483647;
			files = (
				2759F6CE10D6014D000204DD /* libz.dylib in Frameworks */,
			);
			runOnlyForDeploymentPostprocessing = 0;
		};
/* End PBXFrameworksBuildPhase section */

/* Begin PBXGroup section */
		034768DFFF38A50411DB9C8B /* Products */ = {
			isa = PBXGroup;
			children = (
				8DC2EF5B0486A6940098B216 /* freetype.framework */,
			);
			name = Products;
			sourceTree = "<group>";
		};
		0867D691FE84028FC02AAC07 /* freetype */ = {
			isa = PBXGroup;
			children = (
				08FB77AEFE84172EC02AAC07 /* Sources */,
				32C88DFF0371C24200C91783 /* Other Sources */,
				089C1665FE841158C02AAC07 /* Resources */,
				0867D69AFE84028FC02AAC07 /* External Frameworks and Libraries */,
				034768DFFF38A50411DB9C8B /* Products */,
			);
			name = freetype;
			sourceTree = "<group>";
		};
		0867D69AFE84028FC02AAC07 /* External Frameworks and Libraries */ = {
			isa = PBXGroup;
			children = (
				2759F6CD10D6014D000204DD /* libz.dylib */,
			);
			name = "External Frameworks and Libraries";
			sourceTree = "<group>";
		};
		089C1665FE841158C02AAC07 /* Resources */ = {
			isa = PBXGroup;
			children = (
				8DC2EF5A0486A6940098B216 /* Info.plist */,
				089C1666FE841158C02AAC07 /* InfoPlist.strings */,
			);
			name = Resources;
			sourceTree = "<group>";
		};
		08FB77AEFE84172EC02AAC07 /* Sources */ = {
			isa = PBXGroup;
			children = (
				2759F65610D6007C000204DD /* ftconfig.h */,
				2759F65410D60072000204DD /* ftmodule.h */,
				2759F65210D5FFF3000204DD /* ftgzip.c */,
				2759F65010D5FFDD000204DD /* type1cid.c */,
				2759F64E10D5FFC9000204DD /* ftcache.c */,
				2759F64210D5FFA5000204DD /* ftbase.c */,
				2759F64310D5FFA5000204DD /* ftbitmap.c */,
				2759F64410D5FFA5000204DD /* ftglyph.c */,
				2759F64510D5FFA5000204DD /* ftinit.c */,
				2759F64610D5FFA5000204DD /* ftstroke.c */,
				2759F64710D5FFA5000204DD /* ftsystem.c */,
				2759F64010D5FF75000204DD /* ftlzw.c */,
				2759F63E10D5FF58000204DD /* pcf.c */,
				2759F63C10D5FF4C000204DD /* pfr.c */,
				2759F63A10D5FF3D000204DD /* psaux.c */,
				2759F63810D5FF2C000204DD /* pshinter.c */,
				2759F63610D5FF10000204DD /* psnames.c */,
				2759F63410D5FEFC000204DD /* raster.c */,
				2759F63210D5FEE1000204DD /* sfnt.c */,
				2759F63010D5FED0000204DD /* smooth.c */,
				2759F62E10D5FEBB000204DD /* truetype.c */,
				2759F62C10D5FAA9000204DD /* type1.c */,
				2759F62A10D5FA92000204DD /* type42.c */,
				2759F62810D5FA82000204DD /* winfnt.c */,
				2759F62610D5FA69000204DD /* cff.c */,
				2759F62410D5FA56000204DD /* bdf.c */,
				2759F62210D5FA41000204DD /* autofit.c */,
			);
			name = Sources;
			sourceTree = "<group>";
		};
		32C88DFF0371C24200C91783 /* Other Sources */ = {
			isa = PBXGroup;
			children = (
				2759F73A10D60216000204DD /* ft2build.h */,
				2759F65810D6008E000204DD /* freetype */,
				32DBCF5E0370ADEE00C91783 /* freetype_Prefix.pch */,
			);
			name = "Other Sources";
			sourceTree = "<group>";
		};
/* End PBXGroup section */

/* Begin PBXHeadersBuildPhase section */
		8DC2EF500486A6940098B216 /* Headers */ = {
			isa = PBXHeadersBuildPhase;
			buildActionMask = 2147483647;
			files = (
				2759F65510D60072000204DD /* ftmodule.h in Headers */,
				2759F65710D6007C000204DD /* ftconfig.h in Headers */,
			);
			runOnlyForDeploymentPostprocessing = 0;
		};
/* End PBXHeadersBuildPhase section */

/* Begin PBXNativeTarget section */
		8DC2EF4F0486A6940098B216 /* freetype */ = {
			isa = PBXNativeTarget;
			buildConfigurationList = 1DEB91AD08733DA50010E9CD /* Build configuration list for PBXNativeTarget "freetype" */;
			buildPhases = (
				8DC2EF500486A6940098B216 /* Headers */,
				8DC2EF520486A6940098B216 /* Resources */,
				8DC2EF540486A6940098B216 /* Sources */,
				8DC2EF560486A6940098B216 /* Frameworks */,
				2759F6BE10D600D1000204DD /* CopyFiles */,
			);
			buildRules = (
			);
			dependencies = (
			);
			name = freetype;
			productInstallPath = "$(HOME)/Library/Frameworks";
			productName = freetype;
			productReference = 8DC2EF5B0486A6940098B216 /* freetype.framework */;
			productType = "com.apple.product-type.framework";
		};
/* End PBXNativeTarget section */

/* Begin PBXProject section */
		0867D690FE84028FC02AAC07 /* Project object */ = {
			isa = PBXProject;
			buildConfigurationList = 1DEB91B108733DA50010E9CD /* Build configuration list for PBXProject "freetype" */;
			compatibilityVersion = "Xcode 3.1";
			developmentRegion = English;
			hasScannedForEncodings = 1;
			knownRegions = (
				English,
				Japanese,
				French,
				German,
			);
			mainGroup = 0867D691FE84028FC02AAC07 /* freetype */;
			productRefGroup = 034768DFFF38A50411DB9C8B /* Products */;
			projectDirPath = "";
			projectRoot = "";
			targets = (
				8DC2EF4F0486A6940098B216 /* freetype */,
			);
		};
/* End PBXProject section */

/* Begin PBXResourcesBuildPhase section */
		8DC2EF520486A6940098B216 /* Resources */ = {
			isa = PBXResourcesBuildPhase;
			buildActionMask = 2147483647;
			files = (
				8DC2EF530486A6940098B216 /* InfoPlist.strings in Resources */,
			);
			runOnlyForDeploymentPostprocessing = 0;
		};
/* End PBXResourcesBuildPhase section */

/* Begin PBXSourcesBuildPhase section */
		8DC2EF540486A6940098B216 /* Sources */ = {
			isa = PBXSourcesBuildPhase;
			buildActionMask = 2147483647;
			files = (
				2759F62310D5FA41000204DD /* autofit.c in Sources */,
				2759F62510D5FA56000204DD /* bdf.c in Sources */,
				2759F62710D5FA69000204DD /* cff.c in Sources */,
				2759F62910D5FA82000204DD /* winfnt.c in Sources */,
				2759F62B10D5FA92000204DD /* type42.c in Sources */,
				2759F62D10D5FAA9000204DD /* type1.c in Sources */,
				2759F62F10D5FEBB000204DD /* truetype.c in Sources */,
				2759F63110D5FED0000204DD /* smooth.c in Sources */,
				2759F63310D5FEE1000204DD /* sfnt.c in Sources */,
				2759F63510D5FEFC000204DD /* raster.c in Sources */,
				2759F63710D5FF10000204DD /* psnames.c in Sources */,
				2759F63910D5FF2C000204DD /* pshinter.c in Sources */,
				2759F63B10D5FF3D000204DD /* psaux.c in Sources */,
				2759F63D10D5FF4C000204DD /* pfr.c in Sources */,
				2759F63F10D5FF58000204DD /* pcf.c in Sources */,
				2759F64110D5FF75000204DD /* ftlzw.c in Sources */,
				2759F64810D5FFA5000204DD /* ftbase.c in Sources */,
				2759F64910D5FFA5000204DD /* ftbitmap.c in Sources */,
				2759F64A10D5FFA5000204DD /* ftglyph.c in Sources */,
				2759F64B10D5FFA5000204DD /* ftinit.c in Sources */,
				2759F64C10D5FFA5000204DD /* ftstroke.c in Sources */,
				2759F64D10D5FFA5000204DD /* ftsystem.c in Sources */,
				2759F64F10D5FFC9000204DD /* ftcache.c in Sources */,
				2759F65110D5FFDD000204DD /* type1cid.c in Sources */,
				2759F65310D5FFF3000204DD /* ftgzip.c in Sources */,
			);
			runOnlyForDeploymentPostprocessing = 0;
		};
/* End PBXSourcesBuildPhase section */

/* Begin PBXVariantGroup section */
		089C1666FE841158C02AAC07 /* InfoPlist.strings */ = {
			isa = PBXVariantGroup;
			children = (
				089C1667FE841158C02AAC07 /* English */,
			);
			name = InfoPlist.strings;
			sourceTree = "<group>";
		};
/* End PBXVariantGroup section */

/* Begin XCBuildConfiguration section */
		1DEB91AF08733DA50010E9CD /* Release */ = {
			isa = XCBuildConfiguration;
			buildSettings = {
				ALWAYS_SEARCH_USER_PATHS = NO;
				DEBUG_INFORMATION_FORMAT = "dwarf-with-dsym";
				DYLIB_COMPATIBILITY_VERSION = 1;
				DYLIB_CURRENT_VERSION = 1;
				FRAMEWORK_VERSION = A;
				GCC_MODEL_TUNING = G5;
				GCC_PRECOMPILE_PREFIX_HEADER = YES;
				GCC_PREFIX_HEADER = freetype_Prefix.pch;
				GCC_PREPROCESSOR_DEFINITIONS = (
					HAVE_CONFIG_H,
					FT_CONFIG_OPTION_SYSTEM_ZLIB,
					DARWIN_NO_CARBON,
					"FT_CONFIG_CONFIG_H=<ftconfig.h>",
					FT2_BUILD_LIBRARY,
					"FT_CONFIG_MODULES=<ftmodule.h>",
				);
				HEADER_SEARCH_PATHS = libfreetype/include;
				INFOPLIST_FILE = Info.plist;
				INSTALL_PATH = "@executable_path/../Frameworks";
				PRODUCT_NAME = freetype;
				WRAPPER_EXTENSION = framework;
			};
			name = Release;
		};
		1DEB91B308733DA50010E9CD /* Release */ = {
			isa = XCBuildConfiguration;
			buildSettings = {
				ARCHS = (
					i386,
					x86_64,
					ppc,
				);
				GCC_C_LANGUAGE_STANDARD = gnu99;
				GCC_PREPROCESSOR_DEFINITIONS = HAVE_CONFIG_H;
				GCC_VERSION_i386 = 4.0;
				GCC_VERSION_ppc = 4.0;
				GCC_VERSION_x86_64 = 4.2;
				GCC_WARN_ABOUT_RETURN_TYPE = YES;
				GCC_WARN_UNUSED_VARIABLE = YES;
				MACOSX_DEPLOYMENT_TARGET_i386 = 10.4;
				MACOSX_DEPLOYMENT_TARGET_ppc = 10.4;
				MACOSX_DEPLOYMENT_TARGET_x86_64 = 10.6;
				PREBINDING = NO;
				SDKROOT_i386 = macosx10.4;
				SDKROOT_ppc = macosx10.4;
				SDKROOT_x86_64 = macosx10.6;
			};
			name = Release;
		};
/* End XCBuildConfiguration section */

/* Begin XCConfigurationList section */
		1DEB91AD08733DA50010E9CD /* Build configuration list for PBXNativeTarget "freetype" */ = {
			isa = XCConfigurationList;
			buildConfigurations = (
				1DEB91AF08733DA50010E9CD /* Release */,
			);
			defaultConfigurationIsVisible = 0;
			defaultConfigurationName = Release;
		};
		1DEB91B108733DA50010E9CD /* Build configuration list for PBXProject "freetype" */ = {
			isa = XCConfigurationList;
			buildConfigurations = (
				1DEB91B308733DA50010E9CD /* Release */,
			);
			defaultConfigurationIsVisible = 0;
			defaultConfigurationName = Release;
		};
/* End XCConfigurationList section */
	};
	rootObject = 0867D690FE84028FC02AAC07 /* Project object */;
}
