// !$*UTF8*$!
{
	archiveVersion = 1;
	classes = {
	};
	objectVersion = 45;
	objects = {

/* Begin PBXBuildFile section */
		27FBFD4F10C20AC20044A484 /* config.h in Headers */ = {isa = PBXBuildFile; fileRef = 27FBFD4E10C20AC20044A484 /* config.h */; };
		27FBFD5B10C20B560044A484 /* speex_bits.h in Headers */ = {isa = PBXBuildFile; fileRef = 27FBFD5010C20B560044A484 /* speex_bits.h */; settings = {ATTRIBUTES = (Public, ); }; };
		27FBFD5C10C20B560044A484 /* speex_buffer.h in Headers */ = {isa = PBXBuildFile; fileRef = 27FBFD5110C20B560044A484 /* speex_buffer.h */; settings = {ATTRIBUTES = (Public, ); }; };
		27FBFD5D10C20B560044A484 /* speex_callbacks.h in Headers */ = {isa = PBXBuildFile; fileRef = 27FBFD5210C20B560044A484 /* speex_callbacks.h */; settings = {ATTRIBUTES = (Public, ); }; };
		27FBFD5E10C20B560044A484 /* speex_echo.h in Headers */ = {isa = PBXBuildFile; fileRef = 27FBFD5310C20B560044A484 /* speex_echo.h */; settings = {ATTRIBUTES = (Public, ); }; };
		27FBFD5F10C20B560044A484 /* speex_header.h in Headers */ = {isa = PBXBuildFile; fileRef = 27FBFD5410C20B560044A484 /* speex_header.h */; settings = {ATTRIBUTES = (Public, ); }; };
		27FBFD6010C20B560044A484 /* speex_jitter.h in Headers */ = {isa = PBXBuildFile; fileRef = 27FBFD5510C20B560044A484 /* speex_jitter.h */; settings = {ATTRIBUTES = (Public, ); }; };
		27FBFD6110C20B560044A484 /* speex_preprocess.h in Headers */ = {isa = PBXBuildFile; fileRef = 27FBFD5610C20B560044A484 /* speex_preprocess.h */; settings = {ATTRIBUTES = (Public, ); }; };
		27FBFD6210C20B560044A484 /* speex_resampler.h in Headers */ = {isa = PBXBuildFile; fileRef = 27FBFD5710C20B560044A484 /* speex_resampler.h */; settings = {ATTRIBUTES = (Public, ); }; };
		27FBFD6310C20B560044A484 /* speex_stereo.h in Headers */ = {isa = PBXBuildFile; fileRef = 27FBFD5810C20B560044A484 /* speex_stereo.h */; settings = {ATTRIBUTES = (Public, ); }; };
		27FBFD6410C20B560044A484 /* speex_types.h in Headers */ = {isa = PBXBuildFile; fileRef = 27FBFD5910C20B560044A484 /* speex_types.h */; settings = {ATTRIBUTES = (Public, ); }; };
		27FBFD6510C20B560044A484 /* speex.h in Headers */ = {isa = PBXBuildFile; fileRef = 27FBFD5A10C20B560044A484 /* speex.h */; settings = {ATTRIBUTES = (Public, ); }; };
		27FBFDB810C20B970044A484 /* _kiss_fft_guts.h in Headers */ = {isa = PBXBuildFile; fileRef = 27FBFD6610C20B970044A484 /* _kiss_fft_guts.h */; };
		27FBFDB910C20B970044A484 /* arch.h in Headers */ = {isa = PBXBuildFile; fileRef = 27FBFD6710C20B970044A484 /* arch.h */; };
		27FBFDBA10C20B970044A484 /* bits.c in Sources */ = {isa = PBXBuildFile; fileRef = 27FBFD6810C20B970044A484 /* bits.c */; };
		27FBFDBB10C20B970044A484 /* buffer.c in Sources */ = {isa = PBXBuildFile; fileRef = 27FBFD6910C20B970044A484 /* buffer.c */; };
		27FBFDBC10C20B970044A484 /* cb_search_arm4.h in Headers */ = {isa = PBXBuildFile; fileRef = 27FBFD6A10C20B970044A484 /* cb_search_arm4.h */; };
		27FBFDBD10C20B970044A484 /* cb_search_bfin.h in Headers */ = {isa = PBXBuildFile; fileRef = 27FBFD6B10C20B970044A484 /* cb_search_bfin.h */; };
		27FBFDBE10C20B970044A484 /* cb_search_sse.h in Headers */ = {isa = PBXBuildFile; fileRef = 27FBFD6C10C20B970044A484 /* cb_search_sse.h */; };
		27FBFDBF10C20B970044A484 /* cb_search.c in Sources */ = {isa = PBXBuildFile; fileRef = 27FBFD6D10C20B970044A484 /* cb_search.c */; };
		27FBFDC010C20B970044A484 /* cb_search.h in Headers */ = {isa = PBXBuildFile; fileRef = 27FBFD6E10C20B970044A484 /* cb_search.h */; };
		27FBFDC110C20B970044A484 /* exc_5_64_table.c in Sources */ = {isa = PBXBuildFile; fileRef = 27FBFD6F10C20B970044A484 /* exc_5_64_table.c */; };
		27FBFDC210C20B970044A484 /* exc_5_256_table.c in Sources */ = {isa = PBXBuildFile; fileRef = 27FBFD7010C20B970044A484 /* exc_5_256_table.c */; };
		27FBFDC310C20B970044A484 /* exc_8_128_table.c in Sources */ = {isa = PBXBuildFile; fileRef = 27FBFD7110C20B970044A484 /* exc_8_128_table.c */; };
		27FBFDC410C20B970044A484 /* exc_10_16_table.c in Sources */ = {isa = PBXBuildFile; fileRef = 27FBFD7210C20B970044A484 /* exc_10_16_table.c */; };
		27FBFDC510C20B970044A484 /* exc_10_32_table.c in Sources */ = {isa = PBXBuildFile; fileRef = 27FBFD7310C20B970044A484 /* exc_10_32_table.c */; };
		27FBFDC610C20B970044A484 /* exc_20_32_table.c in Sources */ = {isa = PBXBuildFile; fileRef = 27FBFD7410C20B970044A484 /* exc_20_32_table.c */; };
		27FBFDC710C20B970044A484 /* fftwrap.c in Sources */ = {isa = PBXBuildFile; fileRef = 27FBFD7510C20B970044A484 /* fftwrap.c */; };
		27FBFDC810C20B970044A484 /* fftwrap.h in Headers */ = {isa = PBXBuildFile; fileRef = 27FBFD7610C20B970044A484 /* fftwrap.h */; };
		27FBFDC910C20B970044A484 /* filterbank.c in Sources */ = {isa = PBXBuildFile; fileRef = 27FBFD7710C20B970044A484 /* filterbank.c */; };
		27FBFDCA10C20B970044A484 /* filterbank.h in Headers */ = {isa = PBXBuildFile; fileRef = 27FBFD7810C20B970044A484 /* filterbank.h */; };
		27FBFDCB10C20B970044A484 /* filters_arm4.h in Headers */ = {isa = PBXBuildFile; fileRef = 27FBFD7910C20B970044A484 /* filters_arm4.h */; };
		27FBFDCC10C20B970044A484 /* filters_bfin.h in Headers */ = {isa = PBXBuildFile; fileRef = 27FBFD7A10C20B970044A484 /* filters_bfin.h */; };
		27FBFDCD10C20B970044A484 /* filters_sse.h in Headers */ = {isa = PBXBuildFile; fileRef = 27FBFD7B10C20B970044A484 /* filters_sse.h */; };
		27FBFDCE10C20B970044A484 /* filters.c in Sources */ = {isa = PBXBuildFile; fileRef = 27FBFD7C10C20B970044A484 /* filters.c */; };
		27FBFDCF10C20B970044A484 /* filters.h in Headers */ = {isa = PBXBuildFile; fileRef = 27FBFD7D10C20B970044A484 /* filters.h */; };
		27FBFDD010C20B970044A484 /* fixed_arm4.h in Headers */ = {isa = PBXBuildFile; fileRef = 27FBFD7E10C20B970044A484 /* fixed_arm4.h */; };
		27FBFDD110C20B970044A484 /* fixed_arm5e.h in Headers */ = {isa = PBXBuildFile; fileRef = 27FBFD7F10C20B970044A484 /* fixed_arm5e.h */; };
		27FBFDD210C20B970044A484 /* fixed_bfin.h in Headers */ = {isa = PBXBuildFile; fileRef = 27FBFD8010C20B970044A484 /* fixed_bfin.h */; };
		27FBFDD310C20B970044A484 /* fixed_debug.h in Headers */ = {isa = PBXBuildFile; fileRef = 27FBFD8110C20B970044A484 /* fixed_debug.h */; };
		27FBFDD410C20B970044A484 /* fixed_generic.h in Headers */ = {isa = PBXBuildFile; fileRef = 27FBFD8210C20B970044A484 /* fixed_generic.h */; };
		27FBFDD510C20B970044A484 /* gain_table_lbr.c in Sources */ = {isa = PBXBuildFile; fileRef = 27FBFD8310C20B970044A484 /* gain_table_lbr.c */; };
		27FBFDD610C20B970044A484 /* gain_table.c in Sources */ = {isa = PBXBuildFile; fileRef = 27FBFD8410C20B970044A484 /* gain_table.c */; };
		27FBFDD710C20B970044A484 /* hexc_10_32_table.c in Sources */ = {isa = PBXBuildFile; fileRef = 27FBFD8510C20B970044A484 /* hexc_10_32_table.c */; };
		27FBFDD810C20B970044A484 /* hexc_table.c in Sources */ = {isa = PBXBuildFile; fileRef = 27FBFD8610C20B970044A484 /* hexc_table.c */; };
		27FBFDD910C20B970044A484 /* high_lsp_tables.c in Sources */ = {isa = PBXBuildFile; fileRef = 27FBFD8710C20B970044A484 /* high_lsp_tables.c */; };
		27FBFDDA10C20B970044A484 /* jitter.c in Sources */ = {isa = PBXBuildFile; fileRef = 27FBFD8810C20B970044A484 /* jitter.c */; };
		27FBFDDB10C20B970044A484 /* kiss_fft.c in Sources */ = {isa = PBXBuildFile; fileRef = 27FBFD8910C20B970044A484 /* kiss_fft.c */; };
		27FBFDDC10C20B970044A484 /* kiss_fft.h in Headers */ = {isa = PBXBuildFile; fileRef = 27FBFD8A10C20B970044A484 /* kiss_fft.h */; };
		27FBFDDD10C20B970044A484 /* kiss_fftr.c in Sources */ = {isa = PBXBuildFile; fileRef = 27FBFD8B10C20B970044A484 /* kiss_fftr.c */; };
		27FBFDDE10C20B970044A484 /* kiss_fftr.h in Headers */ = {isa = PBXBuildFile; fileRef = 27FBFD8C10C20B970044A484 /* kiss_fftr.h */; };
		27FBFDDF10C20B970044A484 /* lpc_bfin.h in Headers */ = {isa = PBXBuildFile; fileRef = 27FBFD8D10C20B970044A484 /* lpc_bfin.h */; };
		27FBFDE010C20B970044A484 /* lpc.c in Sources */ = {isa = PBXBuildFile; fileRef = 27FBFD8E10C20B970044A484 /* lpc.c */; };
		27FBFDE110C20B970044A484 /* lpc.h in Headers */ = {isa = PBXBuildFile; fileRef = 27FBFD8F10C20B970044A484 /* lpc.h */; };
		27FBFDE210C20B970044A484 /* lsp_bfin.h in Headers */ = {isa = PBXBuildFile; fileRef = 27FBFD9010C20B970044A484 /* lsp_bfin.h */; };
		27FBFDE310C20B970044A484 /* lsp_tables_nb.c in Sources */ = {isa = PBXBuildFile; fileRef = 27FBFD9110C20B970044A484 /* lsp_tables_nb.c */; };
		27FBFDE410C20B970044A484 /* lsp.c in Sources */ = {isa = PBXBuildFile; fileRef = 27FBFD9210C20B970044A484 /* lsp.c */; };
		27FBFDE510C20B970044A484 /* lsp.h in Headers */ = {isa = PBXBuildFile; fileRef = 27FBFD9310C20B970044A484 /* lsp.h */; };
		27FBFDE610C20B970044A484 /* ltp_arm4.h in Headers */ = {isa = PBXBuildFile; fileRef = 27FBFD9410C20B970044A484 /* ltp_arm4.h */; };
		27FBFDE710C20B970044A484 /* ltp_bfin.h in Headers */ = {isa = PBXBuildFile; fileRef = 27FBFD9510C20B970044A484 /* ltp_bfin.h */; };
		27FBFDE810C20B970044A484 /* ltp_sse.h in Headers */ = {isa = PBXBuildFile; fileRef = 27FBFD9610C20B970044A484 /* ltp_sse.h */; };
		27FBFDE910C20B970044A484 /* ltp.c in Sources */ = {isa = PBXBuildFile; fileRef = 27FBFD9710C20B970044A484 /* ltp.c */; };
		27FBFDEA10C20B970044A484 /* ltp.h in Headers */ = {isa = PBXBuildFile; fileRef = 27FBFD9810C20B970044A484 /* ltp.h */; };
		27FBFDEB10C20B970044A484 /* math_approx.h in Headers */ = {isa = PBXBuildFile; fileRef = 27FBFD9910C20B970044A484 /* math_approx.h */; };
		27FBFDEC10C20B970044A484 /* mdf.c in Sources */ = {isa = PBXBuildFile; fileRef = 27FBFD9A10C20B970044A484 /* mdf.c */; };
		27FBFDED10C20B970044A484 /* misc_bfin.h in Headers */ = {isa = PBXBuildFile; fileRef = 27FBFD9B10C20B970044A484 /* misc_bfin.h */; };
		27FBFDEE10C20B970044A484 /* modes_wb.c in Sources */ = {isa = PBXBuildFile; fileRef = 27FBFD9C10C20B970044A484 /* modes_wb.c */; };
		27FBFDEF10C20B970044A484 /* modes.c in Sources */ = {isa = PBXBuildFile; fileRef = 27FBFD9D10C20B970044A484 /* modes.c */; };
		27FBFDF010C20B970044A484 /* modes.h in Headers */ = {isa = PBXBuildFile; fileRef = 27FBFD9E10C20B970044A484 /* modes.h */; };
		27FBFDF110C20B970044A484 /* nb_celp.c in Sources */ = {isa = PBXBuildFile; fileRef = 27FBFD9F10C20B970044A484 /* nb_celp.c */; };
		27FBFDF210C20B970044A484 /* nb_celp.h in Headers */ = {isa = PBXBuildFile; fileRef = 27FBFDA010C20B970044A484 /* nb_celp.h */; };
		27FBFDF310C20B970044A484 /* os_support.h in Headers */ = {isa = PBXBuildFile; fileRef = 27FBFDA110C20B970044A484 /* os_support.h */; };
		27FBFDF410C20B970044A484 /* preprocess.c in Sources */ = {isa = PBXBuildFile; fileRef = 27FBFDA210C20B970044A484 /* preprocess.c */; };
		27FBFDF510C20B970044A484 /* pseudofloat.h in Headers */ = {isa = PBXBuildFile; fileRef = 27FBFDA310C20B970044A484 /* pseudofloat.h */; };
		27FBFDF610C20B970044A484 /* quant_lsp_bfin.h in Headers */ = {isa = PBXBuildFile; fileRef = 27FBFDA410C20B970044A484 /* quant_lsp_bfin.h */; };
		27FBFDF710C20B970044A484 /* quant_lsp.c in Sources */ = {isa = PBXBuildFile; fileRef = 27FBFDA510C20B970044A484 /* quant_lsp.c */; };
		27FBFDF810C20B970044A484 /* quant_lsp.h in Headers */ = {isa = PBXBuildFile; fileRef = 27FBFDA610C20B970044A484 /* quant_lsp.h */; };
		27FBFDF910C20B970044A484 /* resample_sse.h in Headers */ = {isa = PBXBuildFile; fileRef = 27FBFDA710C20B970044A484 /* resample_sse.h */; };
		27FBFDFA10C20B970044A484 /* resample.c in Sources */ = {isa = PBXBuildFile; fileRef = 27FBFDA810C20B970044A484 /* resample.c */; };
		27FBFDFB10C20B970044A484 /* sb_celp.c in Sources */ = {isa = PBXBuildFile; fileRef = 27FBFDA910C20B970044A484 /* sb_celp.c */; };
		27FBFDFC10C20B970044A484 /* sb_celp.h in Headers */ = {isa = PBXBuildFile; fileRef = 27FBFDAA10C20B970044A484 /* sb_celp.h */; };
		27FBFDFD10C20B970044A484 /* scal.c in Sources */ = {isa = PBXBuildFile; fileRef = 27FBFDAB10C20B970044A484 /* scal.c */; };
		27FBFDFE10C20B970044A484 /* smallft.c in Sources */ = {isa = PBXBuildFile; fileRef = 27FBFDAC10C20B970044A484 /* smallft.c */; };
		27FBFDFF10C20B970044A484 /* smallft.h in Headers */ = {isa = PBXBuildFile; fileRef = 27FBFDAD10C20B970044A484 /* smallft.h */; };
		27FBFE0010C20B970044A484 /* speex_callbacks.c in Sources */ = {isa = PBXBuildFile; fileRef = 27FBFDAE10C20B970044A484 /* speex_callbacks.c */; };
		27FBFE0110C20B970044A484 /* speex_header.c in Sources */ = {isa = PBXBuildFile; fileRef = 27FBFDAF10C20B970044A484 /* speex_header.c */; };
		27FBFE0210C20B970044A484 /* speex.c in Sources */ = {isa = PBXBuildFile; fileRef = 27FBFDB010C20B970044A484 /* speex.c */; };
		27FBFE0310C20B970044A484 /* stack_alloc.h in Headers */ = {isa = PBXBuildFile; fileRef = 27FBFDB110C20B970044A484 /* stack_alloc.h */; };
		27FBFE0410C20B970044A484 /* stereo.c in Sources */ = {isa = PBXBuildFile; fileRef = 27FBFDB210C20B970044A484 /* stereo.c */; };
		27FBFE0510C20B970044A484 /* vbr.c in Sources */ = {isa = PBXBuildFile; fileRef = 27FBFDB310C20B970044A484 /* vbr.c */; };
		27FBFE0610C20B970044A484 /* vbr.h in Headers */ = {isa = PBXBuildFile; fileRef = 27FBFDB410C20B970044A484 /* vbr.h */; };
		27FBFE0710C20B970044A484 /* vq.c in Sources */ = {isa = PBXBuildFile; fileRef = 27FBFDB510C20B970044A484 /* vq.c */; };
		27FBFE0810C20B970044A484 /* vq.h in Headers */ = {isa = PBXBuildFile; fileRef = 27FBFDB610C20B970044A484 /* vq.h */; };
		27FBFE0910C20B970044A484 /* window.c in Sources */ = {isa = PBXBuildFile; fileRef = 27FBFDB710C20B970044A484 /* window.c */; };
		8DC2EF530486A6940098B216 /* InfoPlist.strings in Resources */ = {isa = PBXBuildFile; fileRef = 089C1666FE841158C02AAC07 /* InfoPlist.strings */; };
		8DC2EF570486A6940098B216 /* Cocoa.framework in Frameworks */ = {isa = PBXBuildFile; fileRef = 1058C7B1FEA5585E11CA2CBB /* Cocoa.framework */; };
/* End PBXBuildFile section */

/* Begin PBXFileReference section */
		0867D69BFE84028FC02AAC07 /* Foundation.framework */ = {isa = PBXFileReference; lastKnownFileType = wrapper.framework; name = Foundation.framework; path = /System/Library/Frameworks/Foundation.framework; sourceTree = "<absolute>"; };
		0867D6A5FE840307C02AAC07 /* AppKit.framework */ = {isa = PBXFileReference; lastKnownFileType = wrapper.framework; name = AppKit.framework; path = /System/Library/Frameworks/AppKit.framework; sourceTree = "<absolute>"; };
		089C1667FE841158C02AAC07 /* English */ = {isa = PBXFileReference; fileEncoding = 4; lastKnownFileType = text.plist.strings; name = English; path = English.lproj/InfoPlist.strings; sourceTree = "<group>"; };
		1058C7B1FEA5585E11CA2CBB /* Cocoa.framework */ = {isa = PBXFileReference; lastKnownFileType = wrapper.framework; name = Cocoa.framework; path = /System/Library/Frameworks/Cocoa.framework; sourceTree = "<absolute>"; };
		27FBFD4E10C20AC20044A484 /* config.h */ = {isa = PBXFileReference; fileEncoding = 4; lastKnownFileType = sourcecode.c.h; name = config.h; path = config/config.h; sourceTree = "<group>"; };
		27FBFD5010C20B560044A484 /* speex_bits.h */ = {isa = PBXFileReference; fileEncoding = 4; lastKnownFileType = sourcecode.c.h; name = speex_bits.h; path = libspeex/include/speex/speex_bits.h; sourceTree = "<group>"; };
		27FBFD5110C20B560044A484 /* speex_buffer.h */ = {isa = PBXFileReference; fileEncoding = 4; lastKnownFileType = sourcecode.c.h; name = speex_buffer.h; path = libspeex/include/speex/speex_buffer.h; sourceTree = "<group>"; };
		27FBFD5210C20B560044A484 /* speex_callbacks.h */ = {isa = PBXFileReference; fileEncoding = 4; lastKnownFileType = sourcecode.c.h; name = speex_callbacks.h; path = libspeex/include/speex/speex_callbacks.h; sourceTree = "<group>"; };
		27FBFD5310C20B560044A484 /* speex_echo.h */ = {isa = PBXFileReference; fileEncoding = 4; lastKnownFileType = sourcecode.c.h; name = speex_echo.h; path = libspeex/include/speex/speex_echo.h; sourceTree = "<group>"; };
		27FBFD5410C20B560044A484 /* speex_header.h */ = {isa = PBXFileReference; fileEncoding = 4; lastKnownFileType = sourcecode.c.h; name = speex_header.h; path = libspeex/include/speex/speex_header.h; sourceTree = "<group>"; };
		27FBFD5510C20B560044A484 /* speex_jitter.h */ = {isa = PBXFileReference; fileEncoding = 4; lastKnownFileType = sourcecode.c.h; name = speex_jitter.h; path = libspeex/include/speex/speex_jitter.h; sourceTree = "<group>"; };
		27FBFD5610C20B560044A484 /* speex_preprocess.h */ = {isa = PBXFileReference; fileEncoding = 4; lastKnownFileType = sourcecode.c.h; name = speex_preprocess.h; path = libspeex/include/speex/speex_preprocess.h; sourceTree = "<group>"; };
		27FBFD5710C20B560044A484 /* speex_resampler.h */ = {isa = PBXFileReference; fileEncoding = 4; lastKnownFileType = sourcecode.c.h; name = speex_resampler.h; path = libspeex/include/speex/speex_resampler.h; sourceTree = "<group>"; };
		27FBFD5810C20B560044A484 /* speex_stereo.h */ = {isa = PBXFileReference; fileEncoding = 4; lastKnownFileType = sourcecode.c.h; name = speex_stereo.h; path = libspeex/include/speex/speex_stereo.h; sourceTree = "<group>"; };
		27FBFD5910C20B560044A484 /* speex_types.h */ = {isa = PBXFileReference; fileEncoding = 4; lastKnownFileType = sourcecode.c.h; name = speex_types.h; path = libspeex/include/speex/speex_types.h; sourceTree = "<group>"; };
		27FBFD5A10C20B560044A484 /* speex.h */ = {isa = PBXFileReference; fileEncoding = 4; lastKnownFileType = sourcecode.c.h; name = speex.h; path = libspeex/include/speex/speex.h; sourceTree = "<group>"; };
		27FBFD6610C20B970044A484 /* _kiss_fft_guts.h */ = {isa = PBXFileReference; fileEncoding = 4; lastKnownFileType = sourcecode.c.h; name = _kiss_fft_guts.h; path = libspeex/libspeex/_kiss_fft_guts.h; sourceTree = "<group>"; };
		27FBFD6710C20B970044A484 /* arch.h */ = {isa = PBXFileReference; fileEncoding = 4; lastKnownFileType = sourcecode.c.h; name = arch.h; path = libspeex/libspeex/arch.h; sourceTree = "<group>"; };
		27FBFD6810C20B970044A484 /* bits.c */ = {isa = PBXFileReference; fileEncoding = 4; lastKnownFileType = sourcecode.c.c; name = bits.c; path = libspeex/libspeex/bits.c; sourceTree = "<group>"; };
		27FBFD6910C20B970044A484 /* buffer.c */ = {isa = PBXFileReference; fileEncoding = 4; lastKnownFileType = sourcecode.c.c; name = buffer.c; path = libspeex/libspeex/buffer.c; sourceTree = "<group>"; };
		27FBFD6A10C20B970044A484 /* cb_search_arm4.h */ = {isa = PBXFileReference; fileEncoding = 4; lastKnownFileType = sourcecode.c.h; name = cb_search_arm4.h; path = libspeex/libspeex/cb_search_arm4.h; sourceTree = "<group>"; };
		27FBFD6B10C20B970044A484 /* cb_search_bfin.h */ = {isa = PBXFileReference; fileEncoding = 4; lastKnownFileType = sourcecode.c.h; name = cb_search_bfin.h; path = libspeex/libspeex/cb_search_bfin.h; sourceTree = "<group>"; };
		27FBFD6C10C20B970044A484 /* cb_search_sse.h */ = {isa = PBXFileReference; fileEncoding = 4; lastKnownFileType = sourcecode.c.h; name = cb_search_sse.h; path = libspeex/libspeex/cb_search_sse.h; sourceTree = "<group>"; };
		27FBFD6D10C20B970044A484 /* cb_search.c */ = {isa = PBXFileReference; fileEncoding = 4; lastKnownFileType = sourcecode.c.c; name = cb_search.c; path = libspeex/libspeex/cb_search.c; sourceTree = "<group>"; };
		27FBFD6E10C20B970044A484 /* cb_search.h */ = {isa = PBXFileReference; fileEncoding = 4; lastKnownFileType = sourcecode.c.h; name = cb_search.h; path = libspeex/libspeex/cb_search.h; sourceTree = "<group>"; };
		27FBFD6F10C20B970044A484 /* exc_5_64_table.c */ = {isa = PBXFileReference; fileEncoding = 4; lastKnownFileType = sourcecode.c.c; name = exc_5_64_table.c; path = libspeex/libspeex/exc_5_64_table.c; sourceTree = "<group>"; };
		27FBFD7010C20B970044A484 /* exc_5_256_table.c */ = {isa = PBXFileReference; fileEncoding = 4; lastKnownFileType = sourcecode.c.c; name = exc_5_256_table.c; path = libspeex/libspeex/exc_5_256_table.c; sourceTree = "<group>"; };
		27FBFD7110C20B970044A484 /* exc_8_128_table.c */ = {isa = PBXFileReference; fileEncoding = 4; lastKnownFileType = sourcecode.c.c; name = exc_8_128_table.c; path = libspeex/libspeex/exc_8_128_table.c; sourceTree = "<group>"; };
		27FBFD7210C20B970044A484 /* exc_10_16_table.c */ = {isa = PBXFileReference; fileEncoding = 4; lastKnownFileType = sourcecode.c.c; name = exc_10_16_table.c; path = libspeex/libspeex/exc_10_16_table.c; sourceTree = "<group>"; };
		27FBFD7310C20B970044A484 /* exc_10_32_table.c */ = {isa = PBXFileReference; fileEncoding = 4; lastKnownFileType = sourcecode.c.c; name = exc_10_32_table.c; path = libspeex/libspeex/exc_10_32_table.c; sourceTree = "<group>"; };
		27FBFD7410C20B970044A484 /* exc_20_32_table.c */ = {isa = PBXFileReference; fileEncoding = 4; lastKnownFileType = sourcecode.c.c; name = exc_20_32_table.c; path = libspeex/libspeex/exc_20_32_table.c; sourceTree = "<group>"; };
		27FBFD7510C20B970044A484 /* fftwrap.c */ = {isa = PBXFileReference; fileEncoding = 4; lastKnownFileType = sourcecode.c.c; name = fftwrap.c; path = libspeex/libspeex/fftwrap.c; sourceTree = "<group>"; };
		27FBFD7610C20B970044A484 /* fftwrap.h */ = {isa = PBXFileReference; fileEncoding = 4; lastKnownFileType = sourcecode.c.h; name = fftwrap.h; path = libspeex/libspeex/fftwrap.h; sourceTree = "<group>"; };
		27FBFD7710C20B970044A484 /* filterbank.c */ = {isa = PBXFileReference; fileEncoding = 4; lastKnownFileType = sourcecode.c.c; name = filterbank.c; path = libspeex/libspeex/filterbank.c; sourceTree = "<group>"; };
		27FBFD7810C20B970044A484 /* filterbank.h */ = {isa = PBXFileReference; fileEncoding = 4; lastKnownFileType = sourcecode.c.h; name = filterbank.h; path = libspeex/libspeex/filterbank.h; sourceTree = "<group>"; };
		27FBFD7910C20B970044A484 /* filters_arm4.h */ = {isa = PBXFileReference; fileEncoding = 4; lastKnownFileType = sourcecode.c.h; name = filters_arm4.h; path = libspeex/libspeex/filters_arm4.h; sourceTree = "<group>"; };
		27FBFD7A10C20B970044A484 /* filters_bfin.h */ = {isa = PBXFileReference; fileEncoding = 4; lastKnownFileType = sourcecode.c.h; name = filters_bfin.h; path = libspeex/libspeex/filters_bfin.h; sourceTree = "<group>"; };
		27FBFD7B10C20B970044A484 /* filters_sse.h */ = {isa = PBXFileReference; fileEncoding = 4; lastKnownFileType = sourcecode.c.h; name = filters_sse.h; path = libspeex/libspeex/filters_sse.h; sourceTree = "<group>"; };
		27FBFD7C10C20B970044A484 /* filters.c */ = {isa = PBXFileReference; fileEncoding = 4; lastKnownFileType = sourcecode.c.c; name = filters.c; path = libspeex/libspeex/filters.c; sourceTree = "<group>"; };
		27FBFD7D10C20B970044A484 /* filters.h */ = {isa = PBXFileReference; fileEncoding = 4; lastKnownFileType = sourcecode.c.h; name = filters.h; path = libspeex/libspeex/filters.h; sourceTree = "<group>"; };
		27FBFD7E10C20B970044A484 /* fixed_arm4.h */ = {isa = PBXFileReference; fileEncoding = 4; lastKnownFileType = sourcecode.c.h; name = fixed_arm4.h; path = libspeex/libspeex/fixed_arm4.h; sourceTree = "<group>"; };
		27FBFD7F10C20B970044A484 /* fixed_arm5e.h */ = {isa = PBXFileReference; fileEncoding = 4; lastKnownFileType = sourcecode.c.h; name = fixed_arm5e.h; path = libspeex/libspeex/fixed_arm5e.h; sourceTree = "<group>"; };
		27FBFD8010C20B970044A484 /* fixed_bfin.h */ = {isa = PBXFileReference; fileEncoding = 4; lastKnownFileType = sourcecode.c.h; name = fixed_bfin.h; path = libspeex/libspeex/fixed_bfin.h; sourceTree = "<group>"; };
		27FBFD8110C20B970044A484 /* fixed_debug.h */ = {isa = PBXFileReference; fileEncoding = 4; lastKnownFileType = sourcecode.c.h; name = fixed_debug.h; path = libspeex/libspeex/fixed_debug.h; sourceTree = "<group>"; };
		27FBFD8210C20B970044A484 /* fixed_generic.h */ = {isa = PBXFileReference; fileEncoding = 4; lastKnownFileType = sourcecode.c.h; name = fixed_generic.h; path = libspeex/libspeex/fixed_generic.h; sourceTree = "<group>"; };
		27FBFD8310C20B970044A484 /* gain_table_lbr.c */ = {isa = PBXFileReference; fileEncoding = 4; lastKnownFileType = sourcecode.c.c; name = gain_table_lbr.c; path = libspeex/libspeex/gain_table_lbr.c; sourceTree = "<group>"; };
		27FBFD8410C20B970044A484 /* gain_table.c */ = {isa = PBXFileReference; fileEncoding = 4; lastKnownFileType = sourcecode.c.c; name = gain_table.c; path = libspeex/libspeex/gain_table.c; sourceTree = "<group>"; };
		27FBFD8510C20B970044A484 /* hexc_10_32_table.c */ = {isa = PBXFileReference; fileEncoding = 4; lastKnownFileType = sourcecode.c.c; name = hexc_10_32_table.c; path = libspeex/libspeex/hexc_10_32_table.c; sourceTree = "<group>"; };
		27FBFD8610C20B970044A484 /* hexc_table.c */ = {isa = PBXFileReference; fileEncoding = 4; lastKnownFileType = sourcecode.c.c; name = hexc_table.c; path = libspeex/libspeex/hexc_table.c; sourceTree = "<group>"; };
		27FBFD8710C20B970044A484 /* high_lsp_tables.c */ = {isa = PBXFileReference; fileEncoding = 4; lastKnownFileType = sourcecode.c.c; name = high_lsp_tables.c; path = libspeex/libspeex/high_lsp_tables.c; sourceTree = "<group>"; };
		27FBFD8810C20B970044A484 /* jitter.c */ = {isa = PBXFileReference; fileEncoding = 4; lastKnownFileType = sourcecode.c.c; name = jitter.c; path = libspeex/libspeex/jitter.c; sourceTree = "<group>"; };
		27FBFD8910C20B970044A484 /* kiss_fft.c */ = {isa = PBXFileReference; fileEncoding = 4; lastKnownFileType = sourcecode.c.c; name = kiss_fft.c; path = libspeex/libspeex/kiss_fft.c; sourceTree = "<group>"; };
		27FBFD8A10C20B970044A484 /* kiss_fft.h */ = {isa = PBXFileReference; fileEncoding = 4; lastKnownFileType = sourcecode.c.h; name = kiss_fft.h; path = libspeex/libspeex/kiss_fft.h; sourceTree = "<group>"; };
		27FBFD8B10C20B970044A484 /* kiss_fftr.c */ = {isa = PBXFileReference; fileEncoding = 4; lastKnownFileType = sourcecode.c.c; name = kiss_fftr.c; path = libspeex/libspeex/kiss_fftr.c; sourceTree = "<group>"; };
		27FBFD8C10C20B970044A484 /* kiss_fftr.h */ = {isa = PBXFileReference; fileEncoding = 4; lastKnownFileType = sourcecode.c.h; name = kiss_fftr.h; path = libspeex/libspeex/kiss_fftr.h; sourceTree = "<group>"; };
		27FBFD8D10C20B970044A484 /* lpc_bfin.h */ = {isa = PBXFileReference; fileEncoding = 4; lastKnownFileType = sourcecode.c.h; name = lpc_bfin.h; path = libspeex/libspeex/lpc_bfin.h; sourceTree = "<group>"; };
		27FBFD8E10C20B970044A484 /* lpc.c */ = {isa = PBXFileReference; fileEncoding = 4; lastKnownFileType = sourcecode.c.c; name = lpc.c; path = libspeex/libspeex/lpc.c; sourceTree = "<group>"; };
		27FBFD8F10C20B970044A484 /* lpc.h */ = {isa = PBXFileReference; fileEncoding = 4; lastKnownFileType = sourcecode.c.h; name = lpc.h; path = libspeex/libspeex/lpc.h; sourceTree = "<group>"; };
		27FBFD9010C20B970044A484 /* lsp_bfin.h */ = {isa = PBXFileReference; fileEncoding = 4; lastKnownFileType = sourcecode.c.h; name = lsp_bfin.h; path = libspeex/libspeex/lsp_bfin.h; sourceTree = "<group>"; };
		27FBFD9110C20B970044A484 /* lsp_tables_nb.c */ = {isa = PBXFileReference; fileEncoding = 4; lastKnownFileType = sourcecode.c.c; name = lsp_tables_nb.c; path = libspeex/libspeex/lsp_tables_nb.c; sourceTree = "<group>"; };
		27FBFD9210C20B970044A484 /* lsp.c */ = {isa = PBXFileReference; fileEncoding = 4; lastKnownFileType = sourcecode.c.c; name = lsp.c; path = libspeex/libspeex/lsp.c; sourceTree = "<group>"; };
		27FBFD9310C20B970044A484 /* lsp.h */ = {isa = PBXFileReference; fileEncoding = 4; lastKnownFileType = sourcecode.c.h; name = lsp.h; path = libspeex/libspeex/lsp.h; sourceTree = "<group>"; };
		27FBFD9410C20B970044A484 /* ltp_arm4.h */ = {isa = PBXFileReference; fileEncoding = 4; lastKnownFileType = sourcecode.c.h; name = ltp_arm4.h; path = libspeex/libspeex/ltp_arm4.h; sourceTree = "<group>"; };
		27FBFD9510C20B970044A484 /* ltp_bfin.h */ = {isa = PBXFileReference; fileEncoding = 4; lastKnownFileType = sourcecode.c.h; name = ltp_bfin.h; path = libspeex/libspeex/ltp_bfin.h; sourceTree = "<group>"; };
		27FBFD9610C20B970044A484 /* ltp_sse.h */ = {isa = PBXFileReference; fileEncoding = 4; lastKnownFileType = sourcecode.c.h; name = ltp_sse.h; path = libspeex/libspeex/ltp_sse.h; sourceTree = "<group>"; };
		27FBFD9710C20B970044A484 /* ltp.c */ = {isa = PBXFileReference; fileEncoding = 4; lastKnownFileType = sourcecode.c.c; name = ltp.c; path = libspeex/libspeex/ltp.c; sourceTree = "<group>"; };
		27FBFD9810C20B970044A484 /* ltp.h */ = {isa = PBXFileReference; fileEncoding = 4; lastKnownFileType = sourcecode.c.h; name = ltp.h; path = libspeex/libspeex/ltp.h; sourceTree = "<group>"; };
		27FBFD9910C20B970044A484 /* math_approx.h */ = {isa = PBXFileReference; fileEncoding = 4; lastKnownFileType = sourcecode.c.h; name = math_approx.h; path = libspeex/libspeex/math_approx.h; sourceTree = "<group>"; };
		27FBFD9A10C20B970044A484 /* mdf.c */ = {isa = PBXFileReference; fileEncoding = 4; lastKnownFileType = sourcecode.c.c; name = mdf.c; path = libspeex/libspeex/mdf.c; sourceTree = "<group>"; };
		27FBFD9B10C20B970044A484 /* misc_bfin.h */ = {isa = PBXFileReference; fileEncoding = 4; lastKnownFileType = sourcecode.c.h; name = misc_bfin.h; path = libspeex/libspeex/misc_bfin.h; sourceTree = "<group>"; };
		27FBFD9C10C20B970044A484 /* modes_wb.c */ = {isa = PBXFileReference; fileEncoding = 4; lastKnownFileType = sourcecode.c.c; name = modes_wb.c; path = libspeex/libspeex/modes_wb.c; sourceTree = "<group>"; };
		27FBFD9D10C20B970044A484 /* modes.c */ = {isa = PBXFileReference; fileEncoding = 4; lastKnownFileType = sourcecode.c.c; name = modes.c; path = libspeex/libspeex/modes.c; sourceTree = "<group>"; };
		27FBFD9E10C20B970044A484 /* modes.h */ = {isa = PBXFileReference; fileEncoding = 4; lastKnownFileType = sourcecode.c.h; name = modes.h; path = libspeex/libspeex/modes.h; sourceTree = "<group>"; };
		27FBFD9F10C20B970044A484 /* nb_celp.c */ = {isa = PBXFileReference; fileEncoding = 4; lastKnownFileType = sourcecode.c.c; name = nb_celp.c; path = libspeex/libspeex/nb_celp.c; sourceTree = "<group>"; };
		27FBFDA010C20B970044A484 /* nb_celp.h */ = {isa = PBXFileReference; fileEncoding = 4; lastKnownFileType = sourcecode.c.h; name = nb_celp.h; path = libspeex/libspeex/nb_celp.h; sourceTree = "<group>"; };
		27FBFDA110C20B970044A484 /* os_support.h */ = {isa = PBXFileReference; fileEncoding = 4; lastKnownFileType = sourcecode.c.h; name = os_support.h; path = libspeex/libspeex/os_support.h; sourceTree = "<group>"; };
		27FBFDA210C20B970044A484 /* preprocess.c */ = {isa = PBXFileReference; fileEncoding = 4; lastKnownFileType = sourcecode.c.c; name = preprocess.c; path = libspeex/libspeex/preprocess.c; sourceTree = "<group>"; };
		27FBFDA310C20B970044A484 /* pseudofloat.h */ = {isa = PBXFileReference; fileEncoding = 4; lastKnownFileType = sourcecode.c.h; name = pseudofloat.h; path = libspeex/libspeex/pseudofloat.h; sourceTree = "<group>"; };
		27FBFDA410C20B970044A484 /* quant_lsp_bfin.h */ = {isa = PBXFileReference; fileEncoding = 4; lastKnownFileType = sourcecode.c.h; name = quant_lsp_bfin.h; path = libspeex/libspeex/quant_lsp_bfin.h; sourceTree = "<group>"; };
		27FBFDA510C20B970044A484 /* quant_lsp.c */ = {isa = PBXFileReference; fileEncoding = 4; lastKnownFileType = sourcecode.c.c; name = quant_lsp.c; path = libspeex/libspeex/quant_lsp.c; sourceTree = "<group>"; };
		27FBFDA610C20B970044A484 /* quant_lsp.h */ = {isa = PBXFileReference; fileEncoding = 4; lastKnownFileType = sourcecode.c.h; name = quant_lsp.h; path = libspeex/libspeex/quant_lsp.h; sourceTree = "<group>"; };
		27FBFDA710C20B970044A484 /* resample_sse.h */ = {isa = PBXFileReference; fileEncoding = 4; lastKnownFileType = sourcecode.c.h; name = resample_sse.h; path = libspeex/libspeex/resample_sse.h; sourceTree = "<group>"; };
		27FBFDA810C20B970044A484 /* resample.c */ = {isa = PBXFileReference; fileEncoding = 4; lastKnownFileType = sourcecode.c.c; name = resample.c; path = libspeex/libspeex/resample.c; sourceTree = "<group>"; };
		27FBFDA910C20B970044A484 /* sb_celp.c */ = {isa = PBXFileReference; fileEncoding = 4; lastKnownFileType = sourcecode.c.c; name = sb_celp.c; path = libspeex/libspeex/sb_celp.c; sourceTree = "<group>"; };
		27FBFDAA10C20B970044A484 /* sb_celp.h */ = {isa = PBXFileReference; fileEncoding = 4; lastKnownFileType = sourcecode.c.h; name = sb_celp.h; path = libspeex/libspeex/sb_celp.h; sourceTree = "<group>"; };
		27FBFDAB10C20B970044A484 /* scal.c */ = {isa = PBXFileReference; fileEncoding = 4; lastKnownFileType = sourcecode.c.c; name = scal.c; path = libspeex/libspeex/scal.c; sourceTree = "<group>"; };
		27FBFDAC10C20B970044A484 /* smallft.c */ = {isa = PBXFileReference; fileEncoding = 4; lastKnownFileType = sourcecode.c.c; name = smallft.c; path = libspeex/libspeex/smallft.c; sourceTree = "<group>"; };
		27FBFDAD10C20B970044A484 /* smallft.h */ = {isa = PBXFileReference; fileEncoding = 4; lastKnownFileType = sourcecode.c.h; name = smallft.h; path = libspeex/libspeex/smallft.h; sourceTree = "<group>"; };
		27FBFDAE10C20B970044A484 /* speex_callbacks.c */ = {isa = PBXFileReference; fileEncoding = 4; lastKnownFileType = sourcecode.c.c; name = speex_callbacks.c; path = libspeex/libspeex/speex_callbacks.c; sourceTree = "<group>"; };
		27FBFDAF10C20B970044A484 /* speex_header.c */ = {isa = PBXFileReference; fileEncoding = 4; lastKnownFileType = sourcecode.c.c; name = speex_header.c; path = libspeex/libspeex/speex_header.c; sourceTree = "<group>"; };
		27FBFDB010C20B970044A484 /* speex.c */ = {isa = PBXFileReference; fileEncoding = 4; lastKnownFileType = sourcecode.c.c; name = speex.c; path = libspeex/libspeex/speex.c; sourceTree = "<group>"; };
		27FBFDB110C20B970044A484 /* stack_alloc.h */ = {isa = PBXFileReference; fileEncoding = 4; lastKnownFileType = sourcecode.c.h; name = stack_alloc.h; path = libspeex/libspeex/stack_alloc.h; sourceTree = "<group>"; };
		27FBFDB210C20B970044A484 /* stereo.c */ = {isa = PBXFileReference; fileEncoding = 4; lastKnownFileType = sourcecode.c.c; name = stereo.c; path = libspeex/libspeex/stereo.c; sourceTree = "<group>"; };
		27FBFDB310C20B970044A484 /* vbr.c */ = {isa = PBXFileReference; fileEncoding = 4; lastKnownFileType = sourcecode.c.c; name = vbr.c; path = libspeex/libspeex/vbr.c; sourceTree = "<group>"; };
		27FBFDB410C20B970044A484 /* vbr.h */ = {isa = PBXFileReference; fileEncoding = 4; lastKnownFileType = sourcecode.c.h; name = vbr.h; path = libspeex/libspeex/vbr.h; sourceTree = "<group>"; };
		27FBFDB510C20B970044A484 /* vq.c */ = {isa = PBXFileReference; fileEncoding = 4; lastKnownFileType = sourcecode.c.c; name = vq.c; path = libspeex/libspeex/vq.c; sourceTree = "<group>"; };
		27FBFDB610C20B970044A484 /* vq.h */ = {isa = PBXFileReference; fileEncoding = 4; lastKnownFileType = sourcecode.c.h; name = vq.h; path = libspeex/libspeex/vq.h; sourceTree = "<group>"; };
		27FBFDB710C20B970044A484 /* window.c */ = {isa = PBXFileReference; fileEncoding = 4; lastKnownFileType = sourcecode.c.c; name = window.c; path = libspeex/libspeex/window.c; sourceTree = "<group>"; };
		32DBCF5E0370ADEE00C91783 /* speex_Prefix.pch */ = {isa = PBXFileReference; fileEncoding = 4; lastKnownFileType = sourcecode.c.h; path = speex_Prefix.pch; sourceTree = "<group>"; };
		8DC2EF5A0486A6940098B216 /* Info.plist */ = {isa = PBXFileReference; fileEncoding = 4; lastKnownFileType = text.plist.xml; path = Info.plist; sourceTree = "<group>"; };
		8DC2EF5B0486A6940098B216 /* speex.framework */ = {isa = PBXFileReference; explicitFileType = wrapper.framework; includeInIndex = 0; path = speex.framework; sourceTree = BUILT_PRODUCTS_DIR; };
		D2F7E79907B2D74100F64583 /* CoreData.framework */ = {isa = PBXFileReference; lastKnownFileType = wrapper.framework; name = CoreData.framework; path = /System/Library/Frameworks/CoreData.framework; sourceTree = "<absolute>"; };
/* End PBXFileReference section */

/* Begin PBXFrameworksBuildPhase section */
		8DC2EF560486A6940098B216 /* Frameworks */ = {
			isa = PBXFrameworksBuildPhase;
			buildActionMask = 2147483647;
			files = (
				8DC2EF570486A6940098B216 /* Cocoa.framework in Frameworks */,
			);
			runOnlyForDeploymentPostprocessing = 0;
		};
/* End PBXFrameworksBuildPhase section */

/* Begin PBXGroup section */
		034768DFFF38A50411DB9C8B /* Products */ = {
			isa = PBXGroup;
			children = (
				8DC2EF5B0486A6940098B216 /* speex.framework */,
			);
			name = Products;
			sourceTree = "<group>";
		};
		0867D691FE84028FC02AAC07 /* speex */ = {
			isa = PBXGroup;
			children = (
				08FB77AEFE84172EC02AAC07 /* Classes */,
				32C88DFF0371C24200C91783 /* Other Sources */,
				089C1665FE841158C02AAC07 /* Resources */,
				0867D69AFE84028FC02AAC07 /* External Frameworks and Libraries */,
				034768DFFF38A50411DB9C8B /* Products */,
			);
			name = speex;
			sourceTree = "<group>";
		};
		0867D69AFE84028FC02AAC07 /* External Frameworks and Libraries */ = {
			isa = PBXGroup;
			children = (
				1058C7B0FEA5585E11CA2CBB /* Linked Frameworks */,
				1058C7B2FEA5585E11CA2CBB /* Other Frameworks */,
			);
			name = "External Frameworks and Libraries";
			sourceTree = "<group>";
		};
		089C1665FE841158C02AAC07 /* Resources */ = {
			isa = PBXGroup;
			children = (
				8DC2EF5A0486A6940098B216 /* Info.plist */,
				089C1666FE841158C02AAC07 /* InfoPlist.strings */,
			);
			name = Resources;
			sourceTree = "<group>";
		};
		08FB77AEFE84172EC02AAC07 /* Classes */ = {
			isa = PBXGroup;
			children = (
				27FBFD6610C20B970044A484 /* _kiss_fft_guts.h */,
				27FBFD6710C20B970044A484 /* arch.h */,
				27FBFD6810C20B970044A484 /* bits.c */,
				27FBFD6910C20B970044A484 /* buffer.c */,
				27FBFD6A10C20B970044A484 /* cb_search_arm4.h */,
				27FBFD6B10C20B970044A484 /* cb_search_bfin.h */,
				27FBFD6C10C20B970044A484 /* cb_search_sse.h */,
				27FBFD6D10C20B970044A484 /* cb_search.c */,
				27FBFD6E10C20B970044A484 /* cb_search.h */,
				27FBFD6F10C20B970044A484 /* exc_5_64_table.c */,
				27FBFD7010C20B970044A484 /* exc_5_256_table.c */,
				27FBFD7110C20B970044A484 /* exc_8_128_table.c */,
				27FBFD7210C20B970044A484 /* exc_10_16_table.c */,
				27FBFD7310C20B970044A484 /* exc_10_32_table.c */,
				27FBFD7410C20B970044A484 /* exc_20_32_table.c */,
				27FBFD7510C20B970044A484 /* fftwrap.c */,
				27FBFD7610C20B970044A484 /* fftwrap.h */,
				27FBFD7710C20B970044A484 /* filterbank.c */,
				27FBFD7810C20B970044A484 /* filterbank.h */,
				27FBFD7910C20B970044A484 /* filters_arm4.h */,
				27FBFD7A10C20B970044A484 /* filters_bfin.h */,
				27FBFD7B10C20B970044A484 /* filters_sse.h */,
				27FBFD7C10C20B970044A484 /* filters.c */,
				27FBFD7D10C20B970044A484 /* filters.h */,
				27FBFD7E10C20B970044A484 /* fixed_arm4.h */,
				27FBFD7F10C20B970044A484 /* fixed_arm5e.h */,
				27FBFD8010C20B970044A484 /* fixed_bfin.h */,
				27FBFD8110C20B970044A484 /* fixed_debug.h */,
				27FBFD8210C20B970044A484 /* fixed_generic.h */,
				27FBFD8310C20B970044A484 /* gain_table_lbr.c */,
				27FBFD8410C20B970044A484 /* gain_table.c */,
				27FBFD8510C20B970044A484 /* hexc_10_32_table.c */,
				27FBFD8610C20B970044A484 /* hexc_table.c */,
				27FBFD8710C20B970044A484 /* high_lsp_tables.c */,
				27FBFD8810C20B970044A484 /* jitter.c */,
				27FBFD8910C20B970044A484 /* kiss_fft.c */,
				27FBFD8A10C20B970044A484 /* kiss_fft.h */,
				27FBFD8B10C20B970044A484 /* kiss_fftr.c */,
				27FBFD8C10C20B970044A484 /* kiss_fftr.h */,
				27FBFD8D10C20B970044A484 /* lpc_bfin.h */,
				27FBFD8E10C20B970044A484 /* lpc.c */,
				27FBFD8F10C20B970044A484 /* lpc.h */,
				27FBFD9010C20B970044A484 /* lsp_bfin.h */,
				27FBFD9110C20B970044A484 /* lsp_tables_nb.c */,
				27FBFD9210C20B970044A484 /* lsp.c */,
				27FBFD9310C20B970044A484 /* lsp.h */,
				27FBFD9410C20B970044A484 /* ltp_arm4.h */,
				27FBFD9510C20B970044A484 /* ltp_bfin.h */,
				27FBFD9610C20B970044A484 /* ltp_sse.h */,
				27FBFD9710C20B970044A484 /* ltp.c */,
				27FBFD9810C20B970044A484 /* ltp.h */,
				27FBFD9910C20B970044A484 /* math_approx.h */,
				27FBFD9A10C20B970044A484 /* mdf.c */,
				27FBFD9B10C20B970044A484 /* misc_bfin.h */,
				27FBFD9C10C20B970044A484 /* modes_wb.c */,
				27FBFD9D10C20B970044A484 /* modes.c */,
				27FBFD9E10C20B970044A484 /* modes.h */,
				27FBFD9F10C20B970044A484 /* nb_celp.c */,
				27FBFDA010C20B970044A484 /* nb_celp.h */,
				27FBFDA110C20B970044A484 /* os_support.h */,
				27FBFDA210C20B970044A484 /* preprocess.c */,
				27FBFDA310C20B970044A484 /* pseudofloat.h */,
				27FBFDA410C20B970044A484 /* quant_lsp_bfin.h */,
				27FBFDA510C20B970044A484 /* quant_lsp.c */,
				27FBFDA610C20B970044A484 /* quant_lsp.h */,
				27FBFDA710C20B970044A484 /* resample_sse.h */,
				27FBFDA810C20B970044A484 /* resample.c */,
				27FBFDA910C20B970044A484 /* sb_celp.c */,
				27FBFDAA10C20B970044A484 /* sb_celp.h */,
				27FBFDAB10C20B970044A484 /* scal.c */,
				27FBFDAC10C20B970044A484 /* smallft.c */,
				27FBFDAD10C20B970044A484 /* smallft.h */,
				27FBFDAE10C20B970044A484 /* speex_callbacks.c */,
				27FBFDAF10C20B970044A484 /* speex_header.c */,
				27FBFDB010C20B970044A484 /* speex.c */,
				27FBFDB110C20B970044A484 /* stack_alloc.h */,
				27FBFDB210C20B970044A484 /* stereo.c */,
				27FBFDB310C20B970044A484 /* vbr.c */,
				27FBFDB410C20B970044A484 /* vbr.h */,
				27FBFDB510C20B970044A484 /* vq.c */,
				27FBFDB610C20B970044A484 /* vq.h */,
				27FBFDB710C20B970044A484 /* window.c */,
				27FBFD5010C20B560044A484 /* speex_bits.h */,
				27FBFD5110C20B560044A484 /* speex_buffer.h */,
				27FBFD5210C20B560044A484 /* speex_callbacks.h */,
				27FBFD5310C20B560044A484 /* speex_echo.h */,
				27FBFD5410C20B560044A484 /* speex_header.h */,
				27FBFD5510C20B560044A484 /* speex_jitter.h */,
				27FBFD5610C20B560044A484 /* speex_preprocess.h */,
				27FBFD5710C20B560044A484 /* speex_resampler.h */,
				27FBFD5810C20B560044A484 /* speex_stereo.h */,
				27FBFD5910C20B560044A484 /* speex_types.h */,
				27FBFD5A10C20B560044A484 /* speex.h */,
				27FBFD4E10C20AC20044A484 /* config.h */,
			);
			name = Classes;
			sourceTree = "<group>";
		};
		1058C7B0FEA5585E11CA2CBB /* Linked Frameworks */ = {
			isa = PBXGroup;
			children = (
				1058C7B1FEA5585E11CA2CBB /* Cocoa.framework */,
			);
			name = "Linked Frameworks";
			sourceTree = "<group>";
		};
		1058C7B2FEA5585E11CA2CBB /* Other Frameworks */ = {
			isa = PBXGroup;
			children = (
				0867D6A5FE840307C02AAC07 /* AppKit.framework */,
				D2F7E79907B2D74100F64583 /* CoreData.framework */,
				0867D69BFE84028FC02AAC07 /* Foundation.framework */,
			);
			name = "Other Frameworks";
			sourceTree = "<group>";
		};
		32C88DFF0371C24200C91783 /* Other Sources */ = {
			isa = PBXGroup;
			children = (
				32DBCF5E0370ADEE00C91783 /* speex_Prefix.pch */,
			);
			name = "Other Sources";
			sourceTree = "<group>";
		};
/* End PBXGroup section */

/* Begin PBXHeadersBuildPhase section */
		8DC2EF500486A6940098B216 /* Headers */ = {
			isa = PBXHeadersBuildPhase;
			buildActionMask = 2147483647;
			files = (
				27FBFD4F10C20AC20044A484 /* config.h in Headers */,
				27FBFD5B10C20B560044A484 /* speex_bits.h in Headers */,
				27FBFD5C10C20B560044A484 /* speex_buffer.h in Headers */,
				27FBFD5D10C20B560044A484 /* speex_callbacks.h in Headers */,
				27FBFD5E10C20B560044A484 /* speex_echo.h in Headers */,
				27FBFD5F10C20B560044A484 /* speex_header.h in Headers */,
				27FBFD6010C20B560044A484 /* speex_jitter.h in Headers */,
				27FBFD6110C20B560044A484 /* speex_preprocess.h in Headers */,
				27FBFD6210C20B560044A484 /* speex_resampler.h in Headers */,
				27FBFD6310C20B560044A484 /* speex_stereo.h in Headers */,
				27FBFD6410C20B560044A484 /* speex_types.h in Headers */,
				27FBFD6510C20B560044A484 /* speex.h in Headers */,
				27FBFDB810C20B970044A484 /* _kiss_fft_guts.h in Headers */,
				27FBFDB910C20B970044A484 /* arch.h in Headers */,
				27FBFDBC10C20B970044A484 /* cb_search_arm4.h in Headers */,
				27FBFDBD10C20B970044A484 /* cb_search_bfin.h in Headers */,
				27FBFDBE10C20B970044A484 /* cb_search_sse.h in Headers */,
				27FBFDC010C20B970044A484 /* cb_search.h in Headers */,
				27FBFDC810C20B970044A484 /* fftwrap.h in Headers */,
				27FBFDCA10C20B970044A484 /* filterbank.h in Headers */,
				27FBFDCB10C20B970044A484 /* filters_arm4.h in Headers */,
				27FBFDCC10C20B970044A484 /* filters_bfin.h in Headers */,
				27FBFDCD10C20B970044A484 /* filters_sse.h in Headers */,
				27FBFDCF10C20B970044A484 /* filters.h in Headers */,
				27FBFDD010C20B970044A484 /* fixed_arm4.h in Headers */,
				27FBFDD110C20B970044A484 /* fixed_arm5e.h in Headers */,
				27FBFDD210C20B970044A484 /* fixed_bfin.h in Headers */,
				27FBFDD310C20B970044A484 /* fixed_debug.h in Headers */,
				27FBFDD410C20B970044A484 /* fixed_generic.h in Headers */,
				27FBFDDC10C20B970044A484 /* kiss_fft.h in Headers */,
				27FBFDDE10C20B970044A484 /* kiss_fftr.h in Headers */,
				27FBFDDF10C20B970044A484 /* lpc_bfin.h in Headers */,
				27FBFDE110C20B970044A484 /* lpc.h in Headers */,
				27FBFDE210C20B970044A484 /* lsp_bfin.h in Headers */,
				27FBFDE510C20B970044A484 /* lsp.h in Headers */,
				27FBFDE610C20B970044A484 /* ltp_arm4.h in Headers */,
				27FBFDE710C20B970044A484 /* ltp_bfin.h in Headers */,
				27FBFDE810C20B970044A484 /* ltp_sse.h in Headers */,
				27FBFDEA10C20B970044A484 /* ltp.h in Headers */,
				27FBFDEB10C20B970044A484 /* math_approx.h in Headers */,
				27FBFDED10C20B970044A484 /* misc_bfin.h in Headers */,
				27FBFDF010C20B970044A484 /* modes.h in Headers */,
				27FBFDF210C20B970044A484 /* nb_celp.h in Headers */,
				27FBFDF310C20B970044A484 /* os_support.h in Headers */,
				27FBFDF510C20B970044A484 /* pseudofloat.h in Headers */,
				27FBFDF610C20B970044A484 /* quant_lsp_bfin.h in Headers */,
				27FBFDF810C20B970044A484 /* quant_lsp.h in Headers */,
				27FBFDF910C20B970044A484 /* resample_sse.h in Headers */,
				27FBFDFC10C20B970044A484 /* sb_celp.h in Headers */,
				27FBFDFF10C20B970044A484 /* smallft.h in Headers */,
				27FBFE0310C20B970044A484 /* stack_alloc.h in Headers */,
				27FBFE0610C20B970044A484 /* vbr.h in Headers */,
				27FBFE0810C20B970044A484 /* vq.h in Headers */,
			);
			runOnlyForDeploymentPostprocessing = 0;
		};
/* End PBXHeadersBuildPhase section */

/* Begin PBXNativeTarget section */
		8DC2EF4F0486A6940098B216 /* speex */ = {
			isa = PBXNativeTarget;
			buildConfigurationList = 1DEB91AD08733DA50010E9CD /* Build configuration list for PBXNativeTarget "speex" */;
			buildPhases = (
				8DC2EF500486A6940098B216 /* Headers */,
				8DC2EF520486A6940098B216 /* Resources */,
				8DC2EF540486A6940098B216 /* Sources */,
				8DC2EF560486A6940098B216 /* Frameworks */,
			);
			buildRules = (
			);
			dependencies = (
			);
			name = speex;
			productInstallPath = "$(HOME)/Library/Frameworks";
			productName = speex;
			productReference = 8DC2EF5B0486A6940098B216 /* speex.framework */;
			productType = "com.apple.product-type.framework";
		};
/* End PBXNativeTarget section */

/* Begin PBXProject section */
		0867D690FE84028FC02AAC07 /* Project object */ = {
			isa = PBXProject;
			buildConfigurationList = 1DEB91B108733DA50010E9CD /* Build configuration list for PBXProject "speex" */;
			compatibilityVersion = "Xcode 3.1";
			hasScannedForEncodings = 1;
			mainGroup = 0867D691FE84028FC02AAC07 /* speex */;
			productRefGroup = 034768DFFF38A50411DB9C8B /* Products */;
			projectDirPath = "";
			projectRoot = "";
			targets = (
				8DC2EF4F0486A6940098B216 /* speex */,
			);
		};
/* End PBXProject section */

/* Begin PBXResourcesBuildPhase section */
		8DC2EF520486A6940098B216 /* Resources */ = {
			isa = PBXResourcesBuildPhase;
			buildActionMask = 2147483647;
			files = (
				8DC2EF530486A6940098B216 /* InfoPlist.strings in Resources */,
			);
			runOnlyForDeploymentPostprocessing = 0;
		};
/* End PBXResourcesBuildPhase section */

/* Begin PBXSourcesBuildPhase section */
		8DC2EF540486A6940098B216 /* Sources */ = {
			isa = PBXSourcesBuildPhase;
			buildActionMask = 2147483647;
			files = (
				27FBFDBA10C20B970044A484 /* bits.c in Sources */,
				27FBFDBB10C20B970044A484 /* buffer.c in Sources */,
				27FBFDBF10C20B970044A484 /* cb_search.c in Sources */,
				27FBFDC110C20B970044A484 /* exc_5_64_table.c in Sources */,
				27FBFDC210C20B970044A484 /* exc_5_256_table.c in Sources */,
				27FBFDC310C20B970044A484 /* exc_8_128_table.c in Sources */,
				27FBFDC410C20B970044A484 /* exc_10_16_table.c in Sources */,
				27FBFDC510C20B970044A484 /* exc_10_32_table.c in Sources */,
				27FBFDC610C20B970044A484 /* exc_20_32_table.c in Sources */,
				27FBFDC710C20B970044A484 /* fftwrap.c in Sources */,
				27FBFDC910C20B970044A484 /* filterbank.c in Sources */,
				27FBFDCE10C20B970044A484 /* filters.c in Sources */,
				27FBFDD510C20B970044A484 /* gain_table_lbr.c in Sources */,
				27FBFDD610C20B970044A484 /* gain_table.c in Sources */,
				27FBFDD710C20B970044A484 /* hexc_10_32_table.c in Sources */,
				27FBFDD810C20B970044A484 /* hexc_table.c in Sources */,
				27FBFDD910C20B970044A484 /* high_lsp_tables.c in Sources */,
				27FBFDDA10C20B970044A484 /* jitter.c in Sources */,
				27FBFDDB10C20B970044A484 /* kiss_fft.c in Sources */,
				27FBFDDD10C20B970044A484 /* kiss_fftr.c in Sources */,
				27FBFDE010C20B970044A484 /* lpc.c in Sources */,
				27FBFDE310C20B970044A484 /* lsp_tables_nb.c in Sources */,
				27FBFDE410C20B970044A484 /* lsp.c in Sources */,
				27FBFDE910C20B970044A484 /* ltp.c in Sources */,
				27FBFDEC10C20B970044A484 /* mdf.c in Sources */,
				27FBFDEE10C20B970044A484 /* modes_wb.c in Sources */,
				27FBFDEF10C20B970044A484 /* modes.c in Sources */,
				27FBFDF110C20B970044A484 /* nb_celp.c in Sources */,
				27FBFDF410C20B970044A484 /* preprocess.c in Sources */,
				27FBFDF710C20B970044A484 /* quant_lsp.c in Sources */,
				27FBFDFA10C20B970044A484 /* resample.c in Sources */,
				27FBFDFB10C20B970044A484 /* sb_celp.c in Sources */,
				27FBFDFD10C20B970044A484 /* scal.c in Sources */,
				27FBFDFE10C20B970044A484 /* smallft.c in Sources */,
				27FBFE0010C20B970044A484 /* speex_callbacks.c in Sources */,
				27FBFE0110C20B970044A484 /* speex_header.c in Sources */,
				27FBFE0210C20B970044A484 /* speex.c in Sources */,
				27FBFE0410C20B970044A484 /* stereo.c in Sources */,
				27FBFE0510C20B970044A484 /* vbr.c in Sources */,
				27FBFE0710C20B970044A484 /* vq.c in Sources */,
				27FBFE0910C20B970044A484 /* window.c in Sources */,
			);
			runOnlyForDeploymentPostprocessing = 0;
		};
/* End PBXSourcesBuildPhase section */

/* Begin PBXVariantGroup section */
		089C1666FE841158C02AAC07 /* InfoPlist.strings */ = {
			isa = PBXVariantGroup;
			children = (
				089C1667FE841158C02AAC07 /* English */,
			);
			name = InfoPlist.strings;
			sourceTree = "<group>";
		};
/* End PBXVariantGroup section */

/* Begin XCBuildConfiguration section */
		1DEB91AE08733DA50010E9CD /* Debug */ = {
			isa = XCBuildConfiguration;
			buildSettings = {
				ALWAYS_SEARCH_USER_PATHS = NO;
				COPY_PHASE_STRIP = NO;
				DYLIB_COMPATIBILITY_VERSION = 1;
				DYLIB_CURRENT_VERSION = 1;
				FRAMEWORK_VERSION = A;
				GCC_DYNAMIC_NO_PIC = NO;
				GCC_ENABLE_FIX_AND_CONTINUE = YES;
				GCC_MODEL_TUNING = G5;
				GCC_OPTIMIZATION_LEVEL = 0;
				GCC_PRECOMPILE_PREFIX_HEADER = YES;
				GCC_PREFIX_HEADER = speex_Prefix.pch;
				INFOPLIST_FILE = Info.plist;
				INSTALL_PATH = "$(HOME)/Library/Frameworks";
				PRODUCT_NAME = speex;
				WRAPPER_EXTENSION = framework;
			};
			name = Debug;
		};
		1DEB91AF08733DA50010E9CD /* Release */ = {
			isa = XCBuildConfiguration;
			buildSettings = {
				ALWAYS_SEARCH_USER_PATHS = NO;
				ARCHS = "$(ARCHS_STANDARD_32_BIT)";
				DEBUG_INFORMATION_FORMAT = "dwarf-with-dsym";
				DYLIB_COMPATIBILITY_VERSION = 1;
				DYLIB_CURRENT_VERSION = 1;
				FRAMEWORK_VERSION = A;
				GCC_MODEL_TUNING = G5;
				GCC_PRECOMPILE_PREFIX_HEADER = YES;
				GCC_PREFIX_HEADER = speex_Prefix.pch;
				GCC_PREPROCESSOR_DEFINITIONS = HAVE_CONFIG_H;
				GCC_VERSION = 4.0;
				INFOPLIST_FILE = Info.plist;
				INSTALL_PATH = "@executable_path/../Frameworks";
				PRODUCT_NAME = speex;
				SDKROOT = macosx10.4;
				WRAPPER_EXTENSION = framework;
			};
			name = Release;
		};
		1DEB91B208733DA50010E9CD /* Debug */ = {
			isa = XCBuildConfiguration;
			buildSettings = {
				ARCHS = "$(ARCHS_STANDARD_32_64_BIT)";
				GCC_C_LANGUAGE_STANDARD = gnu99;
				GCC_OPTIMIZATION_LEVEL = 0;
				GCC_WARN_ABOUT_RETURN_TYPE = YES;
				GCC_WARN_UNUSED_VARIABLE = YES;
				ONLY_ACTIVE_ARCH = YES;
				PREBINDING = NO;
				SDKROOT = macosx10.6;
			};
			name = Debug;
		};
		1DEB91B308733DA50010E9CD /* Release */ = {
			isa = XCBuildConfiguration;
			buildSettings = {
				ARCHS = "$(ARCHS_STANDARD_32_64_BIT)";
				GCC_C_LANGUAGE_STANDARD = gnu99;
				GCC_WARN_ABOUT_RETURN_TYPE = YES;
				GCC_WARN_UNUSED_VARIABLE = YES;
				PREBINDING = NO;
				SDKROOT = macosx10.6;
			};
			name = Release;
		};
/* End XCBuildConfiguration section */

/* Begin XCConfigurationList section */
		1DEB91AD08733DA50010E9CD /* Build configuration list for PBXNativeTarget "speex" */ = {
			isa = XCConfigurationList;
			buildConfigurations = (
				1DEB91AE08733DA50010E9CD /* Debug */,
				1DEB91AF08733DA50010E9CD /* Release */,
			);
			defaultConfigurationIsVisible = 0;
			defaultConfigurationName = Release;
		};
		1DEB91B108733DA50010E9CD /* Build configuration list for PBXProject "speex" */ = {
			isa = XCConfigurationList;
			buildConfigurations = (
				1DEB91B208733DA50010E9CD /* Debug */,
				1DEB91B308733DA50010E9CD /* Release */,
			);
			defaultConfigurationIsVisible = 0;
			defaultConfigurationName = Release;
		};
/* End XCConfigurationList section */
	};
	rootObject = 0867D690FE84028FC02AAC07 /* Project object */;
}
