// !$*UTF8*$!
{
	archiveVersion = 1;
	classes = {
	};
	objectVersion = 45;
	objects = {

/* Begin PBXBuildFile section */
		2759F7B810D6041B000204DD /* config.h in Headers */ = {isa = PBXBuildFile; fileRef = 2759F7B710D6041B000204DD /* config.h */; };
		2759F7CF10D6044E000204DD /* png.c in Sources */ = {isa = PBXBuildFile; fileRef = 2759F7BB10D6044E000204DD /* png.c */; };
		2759F7D010D6044E000204DD /* png.h in Headers */ = {isa = PBXBuildFile; fileRef = 2759F7BC10D6044E000204DD /* png.h */; settings = {ATTRIBUTES = (Public, ); }; };
		2759F7D110D6044E000204DD /* pngconf.h in Headers */ = {isa = PBXBuildFile; fileRef = 2759F7BD10D6044E000204DD /* pngconf.h */; settings = {ATTRIBUTES = (Public, ); }; };
		2759F7D210D6044E000204DD /* pngerror.c in Sources */ = {isa = PBXBuildFile; fileRef = 2759F7BE10D6044E000204DD /* pngerror.c */; };
		2759F7D310D6044E000204DD /* pnggccrd.c in Sources */ = {isa = PBXBuildFile; fileRef = 2759F7BF10D6044E000204DD /* pnggccrd.c */; };
		2759F7D410D6044E000204DD /* pngget.c in Sources */ = {isa = PBXBuildFile; fileRef = 2759F7C010D6044E000204DD /* pngget.c */; };
		2759F7D510D6044E000204DD /* pngmem.c in Sources */ = {isa = PBXBuildFile; fileRef = 2759F7C110D6044E000204DD /* pngmem.c */; };
		2759F7D610D6044E000204DD /* pngpread.c in Sources */ = {isa = PBXBuildFile; fileRef = 2759F7C210D6044E000204DD /* pngpread.c */; };
		2759F7D710D6044E000204DD /* pngread.c in Sources */ = {isa = PBXBuildFile; fileRef = 2759F7C310D6044E000204DD /* pngread.c */; };
		2759F7D810D6044E000204DD /* pngrio.c in Sources */ = {isa = PBXBuildFile; fileRef = 2759F7C410D6044E000204DD /* pngrio.c */; };
		2759F7D910D6044E000204DD /* pngrtran.c in Sources */ = {isa = PBXBuildFile; fileRef = 2759F7C510D6044E000204DD /* pngrtran.c */; };
		2759F7DA10D6044E000204DD /* pngrutil.c in Sources */ = {isa = PBXBuildFile; fileRef = 2759F7C610D6044E000204DD /* pngrutil.c */; };
		2759F7DB10D6044E000204DD /* pngset.c in Sources */ = {isa = PBXBuildFile; fileRef = 2759F7C710D6044E000204DD /* pngset.c */; };
		2759F7DD10D6044E000204DD /* pngtrans.c in Sources */ = {isa = PBXBuildFile; fileRef = 2759F7C910D6044E000204DD /* pngtrans.c */; };
		2759F7DE10D6044E000204DD /* pngvcrd.c in Sources */ = {isa = PBXBuildFile; fileRef = 2759F7CA10D6044E000204DD /* pngvcrd.c */; };
		2759F7DF10D6044E000204DD /* pngwio.c in Sources */ = {isa = PBXBuildFile; fileRef = 2759F7CB10D6044E000204DD /* pngwio.c */; };
		2759F7E010D6044E000204DD /* pngwrite.c in Sources */ = {isa = PBXBuildFile; fileRef = 2759F7CC10D6044E000204DD /* pngwrite.c */; };
		2759F7E110D6044E000204DD /* pngwtran.c in Sources */ = {isa = PBXBuildFile; fileRef = 2759F7CD10D6044E000204DD /* pngwtran.c */; };
		2759F7E210D6044E000204DD /* pngwutil.c in Sources */ = {isa = PBXBuildFile; fileRef = 2759F7CE10D6044E000204DD /* pngwutil.c */; };
		2759F7EC10D604EC000204DD /* libz.dylib in Frameworks */ = {isa = PBXBuildFile; fileRef = 2759F7EB10D604EC000204DD /* libz.dylib */; };
		8DC2EF530486A6940098B216 /* InfoPlist.strings in Resources */ = {isa = PBXBuildFile; fileRef = 089C1666FE841158C02AAC07 /* InfoPlist.strings */; };
/* End PBXBuildFile section */

/* Begin PBXFileReference section */
		089C1667FE841158C02AAC07 /* English */ = {isa = PBXFileReference; fileEncoding = 4; lastKnownFileType = text.plist.strings; name = English; path = English.lproj/InfoPlist.strings; sourceTree = "<group>"; };
		2759F7B710D6041B000204DD /* config.h */ = {isa = PBXFileReference; fileEncoding = 4; lastKnownFileType = sourcecode.c.h; name = config.h; path = config/config.h; sourceTree = "<group>"; };
		2759F7BB10D6044E000204DD /* png.c */ = {isa = PBXFileReference; fileEncoding = 4; lastKnownFileType = sourcecode.c.c; name = png.c; path = libpng/png.c; sourceTree = "<group>"; };
		2759F7BC10D6044E000204DD /* png.h */ = {isa = PBXFileReference; fileEncoding = 4; lastKnownFileType = sourcecode.c.h; name = png.h; path = libpng/png.h; sourceTree = "<group>"; };
		2759F7BD10D6044E000204DD /* pngconf.h */ = {isa = PBXFileReference; fileEncoding = 4; lastKnownFileType = sourcecode.c.h; name = pngconf.h; path = libpng/pngconf.h; sourceTree = "<group>"; };
		2759F7BE10D6044E000204DD /* pngerror.c */ = {isa = PBXFileReference; fileEncoding = 4; lastKnownFileType = sourcecode.c.c; name = pngerror.c; path = libpng/pngerror.c; sourceTree = "<group>"; };
		2759F7BF10D6044E000204DD /* pnggccrd.c */ = {isa = PBXFileReference; fileEncoding = 4; lastKnownFileType = sourcecode.c.c; name = pnggccrd.c; path = libpng/pnggccrd.c; sourceTree = "<group>"; };
		2759F7C010D6044E000204DD /* pngget.c */ = {isa = PBXFileReference; fileEncoding = 4; lastKnownFileType = sourcecode.c.c; name = pngget.c; path = libpng/pngget.c; sourceTree = "<group>"; };
		2759F7C110D6044E000204DD /* pngmem.c */ = {isa = PBXFileReference; fileEncoding = 4; lastKnownFileType = sourcecode.c.c; name = pngmem.c; path = libpng/pngmem.c; sourceTree = "<group>"; };
		2759F7C210D6044E000204DD /* pngpread.c */ = {isa = PBXFileReference; fileEncoding = 4; lastKnownFileType = sourcecode.c.c; name = pngpread.c; path = libpng/pngpread.c; sourceTree = "<group>"; };
		2759F7C310D6044E000204DD /* pngread.c */ = {isa = PBXFileReference; fileEncoding = 4; lastKnownFileType = sourcecode.c.c; name = pngread.c; path = libpng/pngread.c; sourceTree = "<group>"; };
		2759F7C410D6044E000204DD /* pngrio.c */ = {isa = PBXFileReference; fileEncoding = 4; lastKnownFileType = sourcecode.c.c; name = pngrio.c; path = libpng/pngrio.c; sourceTree = "<group>"; };
		2759F7C510D6044E000204DD /* pngrtran.c */ = {isa = PBXFileReference; fileEncoding = 4; lastKnownFileType = sourcecode.c.c; name = pngrtran.c; path = libpng/pngrtran.c; sourceTree = "<group>"; };
		2759F7C610D6044E000204DD /* pngrutil.c */ = {isa = PBXFileReference; fileEncoding = 4; lastKnownFileType = sourcecode.c.c; name = pngrutil.c; path = libpng/pngrutil.c; sourceTree = "<group>"; };
		2759F7C710D6044E000204DD /* pngset.c */ = {isa = PBXFileReference; fileEncoding = 4; lastKnownFileType = sourcecode.c.c; name = pngset.c; path = libpng/pngset.c; sourceTree = "<group>"; };
		2759F7C910D6044E000204DD /* pngtrans.c */ = {isa = PBXFileReference; fileEncoding = 4; lastKnownFileType = sourcecode.c.c; name = pngtrans.c; path = libpng/pngtrans.c; sourceTree = "<group>"; };
		2759F7CA10D6044E000204DD /* pngvcrd.c */ = {isa = PBXFileReference; fileEncoding = 4; lastKnownFileType = sourcecode.c.c; name = pngvcrd.c; path = libpng/pngvcrd.c; sourceTree = "<group>"; };
		2759F7CB10D6044E000204DD /* pngwio.c */ = {isa = PBXFileReference; fileEncoding = 4; lastKnownFileType = sourcecode.c.c; name = pngwio.c; path = libpng/pngwio.c; sourceTree = "<group>"; };
		2759F7CC10D6044E000204DD /* pngwrite.c */ = {isa = PBXFileReference; fileEncoding = 4; lastKnownFileType = sourcecode.c.c; name = pngwrite.c; path = libpng/pngwrite.c; sourceTree = "<group>"; };
		2759F7CD10D6044E000204DD /* pngwtran.c */ = {isa = PBXFileReference; fileEncoding = 4; lastKnownFileType = sourcecode.c.c; name = pngwtran.c; path = libpng/pngwtran.c; sourceTree = "<group>"; };
		2759F7CE10D6044E000204DD /* pngwutil.c */ = {isa = PBXFileReference; fileEncoding = 4; lastKnownFileType = sourcecode.c.c; name = pngwutil.c; path = libpng/pngwutil.c; sourceTree = "<group>"; };
		2759F7EB10D604EC000204DD /* libz.dylib */ = {isa = PBXFileReference; lastKnownFileType = "compiled.mach-o.dylib"; name = libz.dylib; path = /usr/lib/libz.dylib; sourceTree = "<absolute>"; };
		32DBCF5E0370ADEE00C91783 /* png_Prefix.pch */ = {isa = PBXFileReference; fileEncoding = 4; lastKnownFileType = sourcecode.c.h; path = png_Prefix.pch; sourceTree = "<group>"; };
		8DC2EF5A0486A6940098B216 /* Info.plist */ = {isa = PBXFileReference; fileEncoding = 4; lastKnownFileType = text.plist.xml; path = Info.plist; sourceTree = "<group>"; };
		8DC2EF5B0486A6940098B216 /* png.framework */ = {isa = PBXFileReference; explicitFileType = wrapper.framework; includeInIndex = 0; path = png.framework; sourceTree = BUILT_PRODUCTS_DIR; };
/* End PBXFileReference section */

/* Begin PBXFrameworksBuildPhase section */
		8DC2EF560486A6940098B216 /* Frameworks */ = {
			isa = PBXFrameworksBuildPhase;
			buildActionMask = 2147483647;
			files = (
				2759F7EC10D604EC000204DD /* libz.dylib in Frameworks */,
			);
			runOnlyForDeploymentPostprocessing = 0;
		};
/* End PBXFrameworksBuildPhase section */

/* Begin PBXGroup section */
		034768DFFF38A50411DB9C8B /* Products */ = {
			isa = PBXGroup;
			children = (
				8DC2EF5B0486A6940098B216 /* png.framework */,
			);
			name = Products;
			sourceTree = "<group>";
		};
		0867D691FE84028FC02AAC07 /* png */ = {
			isa = PBXGroup;
			children = (
				08FB77AEFE84172EC02AAC07 /* Sources */,
				32C88DFF0371C24200C91783 /* Other Sources */,
				089C1665FE841158C02AAC07 /* Resources */,
				0867D69AFE84028FC02AAC07 /* External Frameworks and Libraries */,
				034768DFFF38A50411DB9C8B /* Products */,
			);
			name = png;
			sourceTree = "<group>";
		};
		0867D69AFE84028FC02AAC07 /* External Frameworks and Libraries */ = {
			isa = PBXGroup;
			children = (
				2759F7EB10D604EC000204DD /* libz.dylib */,
			);
			name = "External Frameworks and Libraries";
			sourceTree = "<group>";
		};
		089C1665FE841158C02AAC07 /* Resources */ = {
			isa = PBXGroup;
			children = (
				8DC2EF5A0486A6940098B216 /* Info.plist */,
				089C1666FE841158C02AAC07 /* InfoPlist.strings */,
			);
			name = Resources;
			sourceTree = "<group>";
		};
		08FB77AEFE84172EC02AAC07 /* Sources */ = {
			isa = PBXGroup;
			children = (
				2759F7BB10D6044E000204DD /* png.c */,
				2759F7BC10D6044E000204DD /* png.h */,
				2759F7BD10D6044E000204DD /* pngconf.h */,
				2759F7BE10D6044E000204DD /* pngerror.c */,
				2759F7BF10D6044E000204DD /* pnggccrd.c */,
				2759F7C010D6044E000204DD /* pngget.c */,
				2759F7C110D6044E000204DD /* pngmem.c */,
				2759F7C210D6044E000204DD /* pngpread.c */,
				2759F7C310D6044E000204DD /* pngread.c */,
				2759F7C410D6044E000204DD /* pngrio.c */,
				2759F7C510D6044E000204DD /* pngrtran.c */,
				2759F7C610D6044E000204DD /* pngrutil.c */,
				2759F7C710D6044E000204DD /* pngset.c */,
				2759F7C910D6044E000204DD /* pngtrans.c */,
				2759F7CA10D6044E000204DD /* pngvcrd.c */,
				2759F7CB10D6044E000204DD /* pngwio.c */,
				2759F7CC10D6044E000204DD /* pngwrite.c */,
				2759F7CD10D6044E000204DD /* pngwtran.c */,
				2759F7CE10D6044E000204DD /* pngwutil.c */,
				2759F7B710D6041B000204DD /* config.h */,
			);
			name = Sources;
			sourceTree = "<group>";
		};
		32C88DFF0371C24200C91783 /* Other Sources */ = {
			isa = PBXGroup;
			children = (
				32DBCF5E0370ADEE00C91783 /* png_Prefix.pch */,
			);
			name = "Other Sources";
			sourceTree = "<group>";
		};
/* End PBXGroup section */

/* Begin PBXHeadersBuildPhase section */
		8DC2EF500486A6940098B216 /* Headers */ = {
			isa = PBXHeadersBuildPhase;
			buildActionMask = 2147483647;
			files = (
				2759F7B810D6041B000204DD /* config.h in Headers */,
				2759F7D010D6044E000204DD /* png.h in Headers */,
				2759F7D110D6044E000204DD /* pngconf.h in Headers */,
			);
			runOnlyForDeploymentPostprocessing = 0;
		};
/* End PBXHeadersBuildPhase section */

/* Begin PBXNativeTarget section */
		8DC2EF4F0486A6940098B216 /* png */ = {
			isa = PBXNativeTarget;
			buildConfigurationList = 1DEB91AD08733DA50010E9CD /* Build configuration list for PBXNativeTarget "png" */;
			buildPhases = (
				8DC2EF500486A6940098B216 /* Headers */,
				8DC2EF520486A6940098B216 /* Resources */,
				8DC2EF540486A6940098B216 /* Sources */,
				8DC2EF560486A6940098B216 /* Frameworks */,
			);
			buildRules = (
			);
			dependencies = (
			);
			name = png;
			productInstallPath = "$(HOME)/Library/Frameworks";
			productName = png;
			productReference = 8DC2EF5B0486A6940098B216 /* png.framework */;
			productType = "com.apple.product-type.framework";
		};
/* End PBXNativeTarget section */

/* Begin PBXProject section */
		0867D690FE84028FC02AAC07 /* Project object */ = {
			isa = PBXProject;
			buildConfigurationList = 1DEB91B108733DA50010E9CD /* Build configuration list for PBXProject "png" */;
			compatibilityVersion = "Xcode 3.1";
			developmentRegion = English;
			hasScannedForEncodings = 1;
			knownRegions = (
				English,
				Japanese,
				French,
				German,
			);
			mainGroup = 0867D691FE84028FC02AAC07 /* png */;
			productRefGroup = 034768DFFF38A50411DB9C8B /* Products */;
			projectDirPath = "";
			projectRoot = "";
			targets = (
				8DC2EF4F0486A6940098B216 /* png */,
			);
		};
/* End PBXProject section */

/* Begin PBXResourcesBuildPhase section */
		8DC2EF520486A6940098B216 /* Resources */ = {
			isa = PBXResourcesBuildPhase;
			buildActionMask = 2147483647;
			files = (
				8DC2EF530486A6940098B216 /* InfoPlist.strings in Resources */,
			);
			runOnlyForDeploymentPostprocessing = 0;
		};
/* End PBXResourcesBuildPhase section */

/* Begin PBXSourcesBuildPhase section */
		8DC2EF540486A6940098B216 /* Sources */ = {
			isa = PBXSourcesBuildPhase;
			buildActionMask = 2147483647;
			files = (
				2759F7CF10D6044E000204DD /* png.c in Sources */,
				2759F7D210D6044E000204DD /* pngerror.c in Sources */,
				2759F7D310D6044E000204DD /* pnggccrd.c in Sources */,
				2759F7D410D6044E000204DD /* pngget.c in Sources */,
				2759F7D510D6044E000204DD /* pngmem.c in Sources */,
				2759F7D610D6044E000204DD /* pngpread.c in Sources */,
				2759F7D710D6044E000204DD /* pngread.c in Sources */,
				2759F7D810D6044E000204DD /* pngrio.c in Sources */,
				2759F7D910D6044E000204DD /* pngrtran.c in Sources */,
				2759F7DA10D6044E000204DD /* pngrutil.c in Sources */,
				2759F7DB10D6044E000204DD /* pngset.c in Sources */,
				2759F7DD10D6044E000204DD /* pngtrans.c in Sources */,
				2759F7DE10D6044E000204DD /* pngvcrd.c in Sources */,
				2759F7DF10D6044E000204DD /* pngwio.c in Sources */,
				2759F7E010D6044E000204DD /* pngwrite.c in Sources */,
				2759F7E110D6044E000204DD /* pngwtran.c in Sources */,
				2759F7E210D6044E000204DD /* pngwutil.c in Sources */,
			);
			runOnlyForDeploymentPostprocessing = 0;
		};
/* End PBXSourcesBuildPhase section */

/* Begin PBXVariantGroup section */
		089C1666FE841158C02AAC07 /* InfoPlist.strings */ = {
			isa = PBXVariantGroup;
			children = (
				089C1667FE841158C02AAC07 /* English */,
			);
			name = InfoPlist.strings;
			sourceTree = "<group>";
		};
/* End PBXVariantGroup section */

/* Begin XCBuildConfiguration section */
		1DEB91AF08733DA50010E9CD /* Release */ = {
			isa = XCBuildConfiguration;
			buildSettings = {
				ALWAYS_SEARCH_USER_PATHS = NO;
				DEBUG_INFORMATION_FORMAT = "dwarf-with-dsym";
				DYLIB_COMPATIBILITY_VERSION = 1;
				DYLIB_CURRENT_VERSION = 1;
				FRAMEWORK_VERSION = A;
				GCC_MODEL_TUNING = G5;
				GCC_PRECOMPILE_PREFIX_HEADER = YES;
				GCC_PREFIX_HEADER = png_Prefix.pch;
				GCC_PREPROCESSOR_DEFINITIONS = (
					HAVE_CONFIG_H,
					PNG_CONFIGURE_LIBPNG,
				);
				INFOPLIST_FILE = Info.plist;
				INSTALL_PATH = "@executable_path/../Frameworks";
				PRODUCT_NAME = png;
				WRAPPER_EXTENSION = framework;
			};
			name = Release;
		};
		1DEB91B308733DA50010E9CD /* Release */ = {
			isa = XCBuildConfiguration;
			buildSettings = {
				ARCHS = "$(ARCHS_STANDARD_32_64_BIT)";
				GCC_C_LANGUAGE_STANDARD = gnu99;
				GCC_PREPROCESSOR_DEFINITIONS = HAVE_CONFIG_H;
				GCC_VERSION_i386 = 4.0;
				GCC_VERSION_ppc = 4.0;
				GCC_VERSION_x86_64 = 4.2;
				GCC_WARN_ABOUT_RETURN_TYPE = YES;
				GCC_WARN_UNUSED_VARIABLE = YES;
				MACOSX_DEPLOYMENT_TARGET_i386 = 10.4;
				MACOSX_DEPLOYMENT_TARGET_ppc = 10.4;
				MACOSX_DEPLOYMENT_TARGET_x86_64 = 10.6;
				PREBINDING = NO;
				SDKROOT_i386 = macosx10.4;
				SDKROOT_ppc = macosx10.4;
				SDKROOT_x86_64 = macosx10.6;
			};
			name = Release;
		};
/* End XCBuildConfiguration section */

/* Begin XCConfigurationList section */
		1DEB91AD08733DA50010E9CD /* Build configuration list for PBXNativeTarget "png" */ = {
			isa = XCConfigurationList;
			buildConfigurations = (
				1DEB91AF08733DA50010E9CD /* Release */,
			);
			defaultConfigurationIsVisible = 0;
			defaultConfigurationName = Release;
		};
		1DEB91B108733DA50010E9CD /* Build configuration list for PBXProject "png" */ = {
			isa = XCConfigurationList;
			buildConfigurations = (
				1DEB91B308733DA50010E9CD /* Release */,
			);
			defaultConfigurationIsVisible = 0;
			defaultConfigurationName = Release;
		};
/* End XCConfigurationList section */
	};
	rootObject = 0867D690FE84028FC02AAC07 /* Project object */;
}
