// !$*UTF8*$!
{
	archiveVersion = 1;
	classes = {
	};
	objectVersion = 45;
	objects = {

/* Begin PBXBuildFile section */
		2759F76410D60292000204DD /* config.h in Headers */ = {isa = PBXBuildFile; fileRef = 2759F76310D60292000204DD /* config.h */; };
		2759F78010D602C6000204DD /* bit.c in Sources */ = {isa = PBXBuildFile; fileRef = 2759F76710D602C6000204DD /* bit.c */; };
		2759F78110D602C6000204DD /* bit.h in Headers */ = {isa = PBXBuildFile; fileRef = 2759F76810D602C6000204DD /* bit.h */; };
		2759F78210D602C6000204DD /* decoder.c in Sources */ = {isa = PBXBuildFile; fileRef = 2759F76910D602C6000204DD /* decoder.c */; };
		2759F78310D602C6000204DD /* decoder.h in Headers */ = {isa = PBXBuildFile; fileRef = 2759F76A10D602C6000204DD /* decoder.h */; };
		2759F78410D602C6000204DD /* fixed.c in Sources */ = {isa = PBXBuildFile; fileRef = 2759F76B10D602C6000204DD /* fixed.c */; };
		2759F78510D602C6000204DD /* fixed.h in Headers */ = {isa = PBXBuildFile; fileRef = 2759F76C10D602C6000204DD /* fixed.h */; };
		2759F78610D602C6000204DD /* frame.c in Sources */ = {isa = PBXBuildFile; fileRef = 2759F76D10D602C6000204DD /* frame.c */; };
		2759F78710D602C6000204DD /* frame.h in Headers */ = {isa = PBXBuildFile; fileRef = 2759F76E10D602C6000204DD /* frame.h */; };
		2759F78810D602C6000204DD /* global.h in Headers */ = {isa = PBXBuildFile; fileRef = 2759F76F10D602C6000204DD /* global.h */; };
		2759F78910D602C6000204DD /* huffman.c in Sources */ = {isa = PBXBuildFile; fileRef = 2759F77010D602C6000204DD /* huffman.c */; };
		2759F78A10D602C6000204DD /* huffman.h in Headers */ = {isa = PBXBuildFile; fileRef = 2759F77110D602C6000204DD /* huffman.h */; };
		2759F78B10D602C6000204DD /* layer3.c in Sources */ = {isa = PBXBuildFile; fileRef = 2759F77210D602C6000204DD /* layer3.c */; };
		2759F78C10D602C6000204DD /* layer3.h in Headers */ = {isa = PBXBuildFile; fileRef = 2759F77310D602C6000204DD /* layer3.h */; };
		2759F78D10D602C6000204DD /* layer12.c in Sources */ = {isa = PBXBuildFile; fileRef = 2759F77410D602C6000204DD /* layer12.c */; };
		2759F78E10D602C6000204DD /* layer12.h in Headers */ = {isa = PBXBuildFile; fileRef = 2759F77510D602C6000204DD /* layer12.h */; };
		2759F78F10D602C6000204DD /* mad.h in Headers */ = {isa = PBXBuildFile; fileRef = 2759F77610D602C6000204DD /* mad.h */; settings = {ATTRIBUTES = (Public, ); }; };
		2759F79010D602C6000204DD /* minimad.c in Sources */ = {isa = PBXBuildFile; fileRef = 2759F77710D602C6000204DD /* minimad.c */; };
		2759F79110D602C6000204DD /* stream.c in Sources */ = {isa = PBXBuildFile; fileRef = 2759F77810D602C6000204DD /* stream.c */; };
		2759F79210D602C6000204DD /* stream.h in Headers */ = {isa = PBXBuildFile; fileRef = 2759F77910D602C6000204DD /* stream.h */; };
		2759F79310D602C6000204DD /* synth.c in Sources */ = {isa = PBXBuildFile; fileRef = 2759F77A10D602C6000204DD /* synth.c */; };
		2759F79410D602C6000204DD /* synth.h in Headers */ = {isa = PBXBuildFile; fileRef = 2759F77B10D602C6000204DD /* synth.h */; };
		2759F79510D602C6000204DD /* timer.c in Sources */ = {isa = PBXBuildFile; fileRef = 2759F77C10D602C6000204DD /* timer.c */; };
		2759F79610D602C6000204DD /* timer.h in Headers */ = {isa = PBXBuildFile; fileRef = 2759F77D10D602C6000204DD /* timer.h */; };
		2759F79710D602C6000204DD /* version.c in Sources */ = {isa = PBXBuildFile; fileRef = 2759F77E10D602C6000204DD /* version.c */; };
		2759F79810D602C6000204DD /* version.h in Headers */ = {isa = PBXBuildFile; fileRef = 2759F77F10D602C6000204DD /* version.h */; };
		8DC2EF530486A6940098B216 /* InfoPlist.strings in Resources */ = {isa = PBXBuildFile; fileRef = 089C1666FE841158C02AAC07 /* InfoPlist.strings */; };
/* End PBXBuildFile section */

/* Begin PBXFileReference section */
		089C1667FE841158C02AAC07 /* English */ = {isa = PBXFileReference; fileEncoding = 4; lastKnownFileType = text.plist.strings; name = English; path = English.lproj/InfoPlist.strings; sourceTree = "<group>"; };
		2759F76310D60292000204DD /* config.h */ = {isa = PBXFileReference; fileEncoding = 4; lastKnownFileType = sourcecode.c.h; name = config.h; path = config/config.h; sourceTree = "<group>"; };
		2759F76710D602C6000204DD /* bit.c */ = {isa = PBXFileReference; fileEncoding = 4; lastKnownFileType = sourcecode.c.c; name = bit.c; path = libmad/bit.c; sourceTree = "<group>"; };
		2759F76810D602C6000204DD /* bit.h */ = {isa = PBXFileReference; fileEncoding = 4; lastKnownFileType = sourcecode.c.h; name = bit.h; path = libmad/bit.h; sourceTree = "<group>"; };
		2759F76910D602C6000204DD /* decoder.c */ = {isa = PBXFileReference; fileEncoding = 4; lastKnownFileType = sourcecode.c.c; name = decoder.c; path = libmad/decoder.c; sourceTree = "<group>"; };
		2759F76A10D602C6000204DD /* decoder.h */ = {isa = PBXFileReference; fileEncoding = 4; lastKnownFileType = sourcecode.c.h; name = decoder.h; path = libmad/decoder.h; sourceTree = "<group>"; };
		2759F76B10D602C6000204DD /* fixed.c */ = {isa = PBXFileReference; fileEncoding = 4; lastKnownFileType = sourcecode.c.c; name = fixed.c; path = libmad/fixed.c; sourceTree = "<group>"; };
		2759F76C10D602C6000204DD /* fixed.h */ = {isa = PBXFileReference; fileEncoding = 4; lastKnownFileType = sourcecode.c.h; name = fixed.h; path = libmad/fixed.h; sourceTree = "<group>"; };
		2759F76D10D602C6000204DD /* frame.c */ = {isa = PBXFileReference; fileEncoding = 4; lastKnownFileType = sourcecode.c.c; name = frame.c; path = libmad/frame.c; sourceTree = "<group>"; };
		2759F76E10D602C6000204DD /* frame.h */ = {isa = PBXFileReference; fileEncoding = 4; lastKnownFileType = sourcecode.c.h; name = frame.h; path = libmad/frame.h; sourceTree = "<group>"; };
		2759F76F10D602C6000204DD /* global.h */ = {isa = PBXFileReference; fileEncoding = 4; lastKnownFileType = sourcecode.c.h; name = global.h; path = libmad/global.h; sourceTree = "<group>"; };
		2759F77010D602C6000204DD /* huffman.c */ = {isa = PBXFileReference; fileEncoding = 4; lastKnownFileType = sourcecode.c.c; name = huffman.c; path = libmad/huffman.c; sourceTree = "<group>"; };
		2759F77110D602C6000204DD /* huffman.h */ = {isa = PBXFileReference; fileEncoding = 4; lastKnownFileType = sourcecode.c.h; name = huffman.h; path = libmad/huffman.h; sourceTree = "<group>"; };
		2759F77210D602C6000204DD /* layer3.c */ = {isa = PBXFileReference; fileEncoding = 4; lastKnownFileType = sourcecode.c.c; name = layer3.c; path = libmad/layer3.c; sourceTree = "<group>"; };
		2759F77310D602C6000204DD /* layer3.h */ = {isa = PBXFileReference; fileEncoding = 4; lastKnownFileType = sourcecode.c.h; name = layer3.h; path = libmad/layer3.h; sourceTree = "<group>"; };
		2759F77410D602C6000204DD /* layer12.c */ = {isa = PBXFileReference; fileEncoding = 4; lastKnownFileType = sourcecode.c.c; name = layer12.c; path = libmad/layer12.c; sourceTree = "<group>"; };
		2759F77510D602C6000204DD /* layer12.h */ = {isa = PBXFileReference; fileEncoding = 4; lastKnownFileType = sourcecode.c.h; name = layer12.h; path = libmad/layer12.h; sourceTree = "<group>"; };
		2759F77610D602C6000204DD /* mad.h */ = {isa = PBXFileReference; fileEncoding = 4; lastKnownFileType = sourcecode.c.h; name = mad.h; path = libmad/mad.h; sourceTree = "<group>"; };
		2759F77710D602C6000204DD /* minimad.c */ = {isa = PBXFileReference; fileEncoding = 4; lastKnownFileType = sourcecode.c.c; name = minimad.c; path = libmad/minimad.c; sourceTree = "<group>"; };
		2759F77810D602C6000204DD /* stream.c */ = {isa = PBXFileReference; fileEncoding = 4; lastKnownFileType = sourcecode.c.c; name = stream.c; path = libmad/stream.c; sourceTree = "<group>"; };
		2759F77910D602C6000204DD /* stream.h */ = {isa = PBXFileReference; fileEncoding = 4; lastKnownFileType = sourcecode.c.h; name = stream.h; path = libmad/stream.h; sourceTree = "<group>"; };
		2759F77A10D602C6000204DD /* synth.c */ = {isa = PBXFileReference; fileEncoding = 4; lastKnownFileType = sourcecode.c.c; name = synth.c; path = libmad/synth.c; sourceTree = "<group>"; };
		2759F77B10D602C6000204DD /* synth.h */ = {isa = PBXFileReference; fileEncoding = 4; lastKnownFileType = sourcecode.c.h; name = synth.h; path = libmad/synth.h; sourceTree = "<group>"; };
		2759F77C10D602C6000204DD /* timer.c */ = {isa = PBXFileReference; fileEncoding = 4; lastKnownFileType = sourcecode.c.c; name = timer.c; path = libmad/timer.c; sourceTree = "<group>"; };
		2759F77D10D602C6000204DD /* timer.h */ = {isa = PBXFileReference; fileEncoding = 4; lastKnownFileType = sourcecode.c.h; name = timer.h; path = libmad/timer.h; sourceTree = "<group>"; };
		2759F77E10D602C6000204DD /* version.c */ = {isa = PBXFileReference; fileEncoding = 4; lastKnownFileType = sourcecode.c.c; name = version.c; path = libmad/version.c; sourceTree = "<group>"; };
		2759F77F10D602C6000204DD /* version.h */ = {isa = PBXFileReference; fileEncoding = 4; lastKnownFileType = sourcecode.c.h; name = version.h; path = libmad/version.h; sourceTree = "<group>"; };
		32DBCF5E0370ADEE00C91783 /* mad_Prefix.pch */ = {isa = PBXFileReference; fileEncoding = 4; lastKnownFileType = sourcecode.c.h; path = mad_Prefix.pch; sourceTree = "<group>"; };
		8DC2EF5A0486A6940098B216 /* Info.plist */ = {isa = PBXFileReference; fileEncoding = 4; lastKnownFileType = text.plist.xml; path = Info.plist; sourceTree = "<group>"; };
		8DC2EF5B0486A6940098B216 /* mad.framework */ = {isa = PBXFileReference; explicitFileType = wrapper.framework; includeInIndex = 0; path = mad.framework; sourceTree = BUILT_PRODUCTS_DIR; };
/* End PBXFileReference section */

/* Begin PBXFrameworksBuildPhase section */
		8DC2EF560486A6940098B216 /* Frameworks */ = {
			isa = PBXFrameworksBuildPhase;
			buildActionMask = 2147483647;
			files = (
			);
			runOnlyForDeploymentPostprocessing = 0;
		};
/* End PBXFrameworksBuildPhase section */

/* Begin PBXGroup section */
		034768DFFF38A50411DB9C8B /* Products */ = {
			isa = PBXGroup;
			children = (
				8DC2EF5B0486A6940098B216 /* mad.framework */,
			);
			name = Products;
			sourceTree = "<group>";
		};
		0867D691FE84028FC02AAC07 /* mad */ = {
			isa = PBXGroup;
			children = (
				08FB77AEFE84172EC02AAC07 /* Sources */,
				32C88DFF0371C24200C91783 /* Other Sources */,
				089C1665FE841158C02AAC07 /* Resources */,
				0867D69AFE84028FC02AAC07 /* External Frameworks and Libraries */,
				034768DFFF38A50411DB9C8B /* Products */,
			);
			name = mad;
			sourceTree = "<group>";
		};
		0867D69AFE84028FC02AAC07 /* External Frameworks and Libraries */ = {
			isa = PBXGroup;
			children = (
			);
			name = "External Frameworks and Libraries";
			sourceTree = "<group>";
		};
		089C1665FE841158C02AAC07 /* Resources */ = {
			isa = PBXGroup;
			children = (
				8DC2EF5A0486A6940098B216 /* Info.plist */,
				089C1666FE841158C02AAC07 /* InfoPlist.strings */,
			);
			name = Resources;
			sourceTree = "<group>";
		};
		08FB77AEFE84172EC02AAC07 /* Sources */ = {
			isa = PBXGroup;
			children = (
				2759F76710D602C6000204DD /* bit.c */,
				2759F76810D602C6000204DD /* bit.h */,
				2759F76910D602C6000204DD /* decoder.c */,
				2759F76A10D602C6000204DD /* decoder.h */,
				2759F76B10D602C6000204DD /* fixed.c */,
				2759F76C10D602C6000204DD /* fixed.h */,
				2759F76D10D602C6000204DD /* frame.c */,
				2759F76E10D602C6000204DD /* frame.h */,
				2759F76F10D602C6000204DD /* global.h */,
				2759F77010D602C6000204DD /* huffman.c */,
				2759F77110D602C6000204DD /* huffman.h */,
				2759F77210D602C6000204DD /* layer3.c */,
				2759F77310D602C6000204DD /* layer3.h */,
				2759F77410D602C6000204DD /* layer12.c */,
				2759F77510D602C6000204DD /* layer12.h */,
				2759F77610D602C6000204DD /* mad.h */,
				2759F77710D602C6000204DD /* minimad.c */,
				2759F77810D602C6000204DD /* stream.c */,
				2759F77910D602C6000204DD /* stream.h */,
				2759F77A10D602C6000204DD /* synth.c */,
				2759F77B10D602C6000204DD /* synth.h */,
				2759F77C10D602C6000204DD /* timer.c */,
				2759F77D10D602C6000204DD /* timer.h */,
				2759F77E10D602C6000204DD /* version.c */,
				2759F77F10D602C6000204DD /* version.h */,
				2759F76310D60292000204DD /* config.h */,
			);
			name = Sources;
			sourceTree = "<group>";
		};
		32C88DFF0371C24200C91783 /* Other Sources */ = {
			isa = PBXGroup;
			children = (
				32DBCF5E0370ADEE00C91783 /* mad_Prefix.pch */,
			);
			name = "Other Sources";
			sourceTree = "<group>";
		};
/* End PBXGroup section */

/* Begin PBXHeadersBuildPhase section */
		8DC2EF500486A6940098B216 /* Headers */ = {
			isa = PBXHeadersBuildPhase;
			buildActionMask = 2147483647;
			files = (
				2759F76410D60292000204DD /* config.h in Headers */,
				2759F78110D602C6000204DD /* bit.h in Headers */,
				2759F78310D602C6000204DD /* decoder.h in Headers */,
				2759F78510D602C6000204DD /* fixed.h in Headers */,
				2759F78710D602C6000204DD /* frame.h in Headers */,
				2759F78810D602C6000204DD /* global.h in Headers */,
				2759F78A10D602C6000204DD /* huffman.h in Headers */,
				2759F78C10D602C6000204DD /* layer3.h in Headers */,
				2759F78E10D602C6000204DD /* layer12.h in Headers */,
				2759F78F10D602C6000204DD /* mad.h in Headers */,
				2759F79210D602C6000204DD /* stream.h in Headers */,
				2759F79410D602C6000204DD /* synth.h in Headers */,
				2759F79610D602C6000204DD /* timer.h in Headers */,
				2759F79810D602C6000204DD /* version.h in Headers */,
			);
			runOnlyForDeploymentPostprocessing = 0;
		};
/* End PBXHeadersBuildPhase section */

/* Begin PBXNativeTarget section */
		8DC2EF4F0486A6940098B216 /* mad */ = {
			isa = PBXNativeTarget;
			buildConfigurationList = 1DEB91AD08733DA50010E9CD /* Build configuration list for PBXNativeTarget "mad" */;
			buildPhases = (
				8DC2EF500486A6940098B216 /* Headers */,
				8DC2EF520486A6940098B216 /* Resources */,
				8DC2EF540486A6940098B216 /* Sources */,
				8DC2EF560486A6940098B216 /* Frameworks */,
			);
			buildRules = (
			);
			dependencies = (
			);
			name = mad;
			productInstallPath = "$(HOME)/Library/Frameworks";
			productName = mad;
			productReference = 8DC2EF5B0486A6940098B216 /* mad.framework */;
			productType = "com.apple.product-type.framework";
		};
/* End PBXNativeTarget section */

/* Begin PBXProject section */
		0867D690FE84028FC02AAC07 /* Project object */ = {
			isa = PBXProject;
			buildConfigurationList = 1DEB91B108733DA50010E9CD /* Build configuration list for PBXProject "mad" */;
			compatibilityVersion = "Xcode 3.1";
			hasScannedForEncodings = 1;
			mainGroup = 0867D691FE84028FC02AAC07 /* mad */;
			productRefGroup = 034768DFFF38A50411DB9C8B /* Products */;
			projectDirPath = "";
			projectRoot = "";
			targets = (
				8DC2EF4F0486A6940098B216 /* mad */,
			);
		};
/* End PBXProject section */

/* Begin PBXResourcesBuildPhase section */
		8DC2EF520486A6940098B216 /* Resources */ = {
			isa = PBXResourcesBuildPhase;
			buildActionMask = 2147483647;
			files = (
				8DC2EF530486A6940098B216 /* InfoPlist.strings in Resources */,
			);
			runOnlyForDeploymentPostprocessing = 0;
		};
/* End PBXResourcesBuildPhase section */

/* Begin PBXSourcesBuildPhase section */
		8DC2EF540486A6940098B216 /* Sources */ = {
			isa = PBXSourcesBuildPhase;
			buildActionMask = 2147483647;
			files = (
				2759F78010D602C6000204DD /* bit.c in Sources */,
				2759F78210D602C6000204DD /* decoder.c in Sources */,
				2759F78410D602C6000204DD /* fixed.c in Sources */,
				2759F78610D602C6000204DD /* frame.c in Sources */,
				2759F78910D602C6000204DD /* huffman.c in Sources */,
				2759F78B10D602C6000204DD /* layer3.c in Sources */,
				2759F78D10D602C6000204DD /* layer12.c in Sources */,
				2759F79010D602C6000204DD /* minimad.c in Sources */,
				2759F79110D602C6000204DD /* stream.c in Sources */,
				2759F79310D602C6000204DD /* synth.c in Sources */,
				2759F79510D602C6000204DD /* timer.c in Sources */,
				2759F79710D602C6000204DD /* version.c in Sources */,
			);
			runOnlyForDeploymentPostprocessing = 0;
		};
/* End PBXSourcesBuildPhase section */

/* Begin PBXVariantGroup section */
		089C1666FE841158C02AAC07 /* InfoPlist.strings */ = {
			isa = PBXVariantGroup;
			children = (
				089C1667FE841158C02AAC07 /* English */,
			);
			name = InfoPlist.strings;
			sourceTree = "<group>";
		};
/* End PBXVariantGroup section */

/* Begin XCBuildConfiguration section */
		1DEB91AF08733DA50010E9CD /* Release */ = {
			isa = XCBuildConfiguration;
			buildSettings = {
				ALWAYS_SEARCH_USER_PATHS = NO;
				DEBUG_INFORMATION_FORMAT = "dwarf-with-dsym";
				DYLIB_COMPATIBILITY_VERSION = 1;
				DYLIB_CURRENT_VERSION = 1;
				FRAMEWORK_VERSION = A;
				GCC_MODEL_TUNING = G5;
				GCC_PRECOMPILE_PREFIX_HEADER = YES;
				GCC_PREFIX_HEADER = mad_Prefix.pch;
				INFOPLIST_FILE = Info.plist;
				INSTALL_PATH = "@executable_path/../Frameworks";
				PRODUCT_NAME = mad;
				WRAPPER_EXTENSION = framework;
			};
			name = Release;
		};
		1DEB91B308733DA50010E9CD /* Release */ = {
			isa = XCBuildConfiguration;
			buildSettings = {
				ARCHS = "$(ARCHS_STANDARD_32_64_BIT)";
				GCC_C_LANGUAGE_STANDARD = gnu99;
				GCC_PREPROCESSOR_DEFINITIONS = HAVE_CONFIG_H;
				GCC_VERSION_i386 = 4.0;
				GCC_VERSION_ppc = 4.0;
				GCC_VERSION_x86_64 = 4.2;
				GCC_WARN_ABOUT_RETURN_TYPE = YES;
				GCC_WARN_UNUSED_VARIABLE = YES;
				MACOSX_DEPLOYMENT_TARGET_i386 = 10.4;
				MACOSX_DEPLOYMENT_TARGET_ppc = 10.4;
				MACOSX_DEPLOYMENT_TARGET_x86_64 = 10.6;
				PREBINDING = NO;
				SDKROOT_i386 = macosx10.4;
				SDKROOT_ppc = macosx10.4;
				SDKROOT_x86_64 = macosx10.6;
			};
			name = Release;
		};
/* End XCBuildConfiguration section */

/* Begin XCConfigurationList section */
		1DEB91AD08733DA50010E9CD /* Build configuration list for PBXNativeTarget "mad" */ = {
			isa = XCConfigurationList;
			buildConfigurations = (
				1DEB91AF08733DA50010E9CD /* Release */,
			);
			defaultConfigurationIsVisible = 0;
			defaultConfigurationName = Release;
		};
		1DEB91B108733DA50010E9CD /* Build configuration list for PBXProject "mad" */ = {
			isa = XCConfigurationList;
			buildConfigurations = (
				1DEB91B308733DA50010E9CD /* Release */,
			);
			defaultConfigurationIsVisible = 0;
			defaultConfigurationName = Release;
		};
/* End XCConfigurationList section */
	};
	rootObject = 0867D690FE84028FC02AAC07 /* Project object */;
}
